// !$*UTF8*$!
{
	archiveVersion = 1;
	classes = {
	};
	objectVersion = 46;
	objects = {

/* Begin PBXBuildFile section */
		000363311AA96ED200056A03 /* atlas_tile.jpg in Resources */ = {isa = PBXBuildFile; fileRef = 000363301AA96ED200056A03 /* atlas_tile.jpg */; };
		000363331AA975BD00056A03 /* servery_tile.jpg in Resources */ = {isa = PBXBuildFile; fileRef = 000363321AA975BD00056A03 /* servery_tile.jpg */; };
		000363381AA98F8800056A03 /* calendar_tile.jpg in Resources */ = {isa = PBXBuildFile; fileRef = 000363341AA98F8800056A03 /* calendar_tile.jpg */; };
		000363391AA98F8800056A03 /* directory_tile.jpg in Resources */ = {isa = PBXBuildFile; fileRef = 000363351AA98F8800056A03 /* directory_tile.jpg */; };
		0003633A1AA98F8800056A03 /* facilities_tile.jpg in Resources */ = {isa = PBXBuildFile; fileRef = 000363361AA98F8800056A03 /* facilities_tile.jpg */; };
		0003633B1AA98F8800056A03 /* fondren_tile.jpg in Resources */ = {isa = PBXBuildFile; fileRef = 000363371AA98F8800056A03 /* fondren_tile.jpg */; };
		001DD9171AABFB1100A6D758 /* AtlasViewController.m in Sources */ = {isa = PBXBuildFile; fileRef = 001DD9161AABFB1100A6D758 /* AtlasViewController.m */; };
		002446E21AB67AFF00B93ED6 /* libGTLTouchStaticLib.a in Frameworks */ = {isa = PBXBuildFile; fileRef = 002446E11AB67AFF00B93ED6 /* libGTLTouchStaticLib.a */; };
		00251ECB1AAE2C5B00CED150 /* CalendarViewController.m in Sources */ = {isa = PBXBuildFile; fileRef = 00251ECA1AAE2C5B00CED150 /* CalendarViewController.m */; };
		002642451AB7C21200FDE597 /* libsqlite3.dylib in Frameworks */ = {isa = PBXBuildFile; fileRef = 002642441AB7C21200FDE597 /* libsqlite3.dylib */; };
		0046018A1AB67778000063A6 /* GTLCalendarAcl.m in Sources */ = {isa = PBXBuildFile; fileRef = 0046013A1AB67778000063A6 /* GTLCalendarAcl.m */; };
		0046018B1AB67778000063A6 /* GTLCalendarAclRule.m in Sources */ = {isa = PBXBuildFile; fileRef = 0046013C1AB67778000063A6 /* GTLCalendarAclRule.m */; };
		0046018C1AB67778000063A6 /* GTLCalendarCalendar.m in Sources */ = {isa = PBXBuildFile; fileRef = 0046013E1AB67778000063A6 /* GTLCalendarCalendar.m */; };
		0046018D1AB67778000063A6 /* GTLCalendarCalendarList.m in Sources */ = {isa = PBXBuildFile; fileRef = 004601401AB67778000063A6 /* GTLCalendarCalendarList.m */; };
		0046018E1AB67778000063A6 /* GTLCalendarCalendarListEntry.m in Sources */ = {isa = PBXBuildFile; fileRef = 004601421AB67778000063A6 /* GTLCalendarCalendarListEntry.m */; };
		0046018F1AB67778000063A6 /* GTLCalendarChannel.m in Sources */ = {isa = PBXBuildFile; fileRef = 004601441AB67778000063A6 /* GTLCalendarChannel.m */; };
		004601901AB67778000063A6 /* GTLCalendarColorDefinition.m in Sources */ = {isa = PBXBuildFile; fileRef = 004601461AB67778000063A6 /* GTLCalendarColorDefinition.m */; };
		004601911AB67778000063A6 /* GTLCalendarColors.m in Sources */ = {isa = PBXBuildFile; fileRef = 004601481AB67778000063A6 /* GTLCalendarColors.m */; };
		004601921AB67778000063A6 /* GTLCalendarConstants.m in Sources */ = {isa = PBXBuildFile; fileRef = 0046014A1AB67778000063A6 /* GTLCalendarConstants.m */; };
		004601931AB67778000063A6 /* GTLCalendarError.m in Sources */ = {isa = PBXBuildFile; fileRef = 0046014C1AB67778000063A6 /* GTLCalendarError.m */; };
		004601941AB67778000063A6 /* GTLCalendarEvent.m in Sources */ = {isa = PBXBuildFile; fileRef = 0046014E1AB67778000063A6 /* GTLCalendarEvent.m */; };
		004601951AB67778000063A6 /* GTLCalendarEventAttachment.m in Sources */ = {isa = PBXBuildFile; fileRef = 004601501AB67778000063A6 /* GTLCalendarEventAttachment.m */; };
		004601961AB67778000063A6 /* GTLCalendarEventAttendee.m in Sources */ = {isa = PBXBuildFile; fileRef = 004601521AB67778000063A6 /* GTLCalendarEventAttendee.m */; };
		004601971AB67778000063A6 /* GTLCalendarEventDateTime.m in Sources */ = {isa = PBXBuildFile; fileRef = 004601541AB67778000063A6 /* GTLCalendarEventDateTime.m */; };
		004601981AB67778000063A6 /* GTLCalendarEventReminder.m in Sources */ = {isa = PBXBuildFile; fileRef = 004601561AB67778000063A6 /* GTLCalendarEventReminder.m */; };
		004601991AB67778000063A6 /* GTLCalendarEvents.m in Sources */ = {isa = PBXBuildFile; fileRef = 004601581AB67778000063A6 /* GTLCalendarEvents.m */; };
		0046019A1AB67778000063A6 /* GTLCalendarFreeBusyCalendar.m in Sources */ = {isa = PBXBuildFile; fileRef = 0046015A1AB67778000063A6 /* GTLCalendarFreeBusyCalendar.m */; };
		0046019B1AB67778000063A6 /* GTLCalendarFreeBusyGroup.m in Sources */ = {isa = PBXBuildFile; fileRef = 0046015C1AB67778000063A6 /* GTLCalendarFreeBusyGroup.m */; };
		0046019C1AB67778000063A6 /* GTLCalendarFreeBusyRequestItem.m in Sources */ = {isa = PBXBuildFile; fileRef = 0046015E1AB67778000063A6 /* GTLCalendarFreeBusyRequestItem.m */; };
		0046019D1AB67778000063A6 /* GTLCalendarFreeBusyResponse.m in Sources */ = {isa = PBXBuildFile; fileRef = 004601601AB67778000063A6 /* GTLCalendarFreeBusyResponse.m */; };
		0046019E1AB67778000063A6 /* GTLCalendarNotification.m in Sources */ = {isa = PBXBuildFile; fileRef = 004601621AB67778000063A6 /* GTLCalendarNotification.m */; };
		0046019F1AB67778000063A6 /* GTLCalendarSetting.m in Sources */ = {isa = PBXBuildFile; fileRef = 004601641AB67778000063A6 /* GTLCalendarSetting.m */; };
		004601A01AB67778000063A6 /* GTLCalendarSettings.m in Sources */ = {isa = PBXBuildFile; fileRef = 004601661AB67778000063A6 /* GTLCalendarSettings.m */; };
		004601A11AB67778000063A6 /* GTLCalendarTimePeriod.m in Sources */ = {isa = PBXBuildFile; fileRef = 004601681AB67778000063A6 /* GTLCalendarTimePeriod.m */; };
		004601A21AB67778000063A6 /* GTLQueryCalendar.m in Sources */ = {isa = PBXBuildFile; fileRef = 0046016A1AB67778000063A6 /* GTLQueryCalendar.m */; };
		004601A31AB67778000063A6 /* GTLServiceCalendar.m in Sources */ = {isa = PBXBuildFile; fileRef = 0046016C1AB67778000063A6 /* GTLServiceCalendar.m */; };
		00A0759B1A8995AB002532FD /* main.m in Sources */ = {isa = PBXBuildFile; fileRef = 00A0759A1A8995AB002532FD /* main.m */; };
		00A0759E1A8995AB002532FD /* AppDelegate.m in Sources */ = {isa = PBXBuildFile; fileRef = 00A0759D1A8995AB002532FD /* AppDelegate.m */; };
		00A075A11A8995AB002532FD /* HomeViewController.m in Sources */ = {isa = PBXBuildFile; fileRef = 00A075A01A8995AB002532FD /* HomeViewController.m */; };
		00A075A41A8995AB002532FD /* Main.storyboard in Resources */ = {isa = PBXBuildFile; fileRef = 00A075A21A8995AB002532FD /* Main.storyboard */; };
		00A075A61A8995AB002532FD /* Images.xcassets in Resources */ = {isa = PBXBuildFile; fileRef = 00A075A51A8995AB002532FD /* Images.xcassets */; };
		00A075A91A8995AB002532FD /* LaunchScreen.xib in Resources */ = {isa = PBXBuildFile; fileRef = 00A075A71A8995AB002532FD /* LaunchScreen.xib */; };
		00A075B51A8995AB002532FD /* student_lifeTests.m in Sources */ = {isa = PBXBuildFile; fileRef = 00A075B41A8995AB002532FD /* student_lifeTests.m */; };
		00A0F3A31A91963000F05B68 /* header_logo.png in Resources */ = {isa = PBXBuildFile; fileRef = 00A0F3A21A91963000F05B68 /* header_logo.png */; };
		00A0F3A51A919A3500F05B68 /* cover.jpg in Resources */ = {isa = PBXBuildFile; fileRef = 00A0F3A41A919A3500F05B68 /* cover.jpg */; };
		00B84DB11AB0D39C0055CD4F /* Security.framework in Frameworks */ = {isa = PBXBuildFile; fileRef = 00B84DB01AB0D39C0055CD4F /* Security.framework */; };
		00B84DB31AB0D3A40055CD4F /* SystemConfiguration.framework in Frameworks */ = {isa = PBXBuildFile; fileRef = 00B84DB21AB0D3A40055CD4F /* SystemConfiguration.framework */; };
		00F5EC161AAD3E4900047D2E /* ServeryViewController.m in Sources */ = {isa = PBXBuildFile; fileRef = 00F5EC151AAD3E4900047D2E /* ServeryViewController.m */; };
		AD240E651AAE776900F3D5B4 /* LoginController.m in Sources */ = {isa = PBXBuildFile; fileRef = AD240E641AAE776900F3D5B4 /* LoginController.m */; };
/* End PBXBuildFile section */

/* Begin PBXContainerItemProxy section */
		00A075AF1A8995AB002532FD /* PBXContainerItemProxy */ = {
			isa = PBXContainerItemProxy;
			containerPortal = 00A0758D1A8995AB002532FD /* Project object */;
			proxyType = 1;
			remoteGlobalIDString = 00A075941A8995AB002532FD;
			remoteInfo = "student-life";
		};
/* End PBXContainerItemProxy section */

/* Begin PBXFileReference section */
		000363301AA96ED200056A03 /* atlas_tile.jpg */ = {isa = PBXFileReference; lastKnownFileType = image.jpeg; path = atlas_tile.jpg; sourceTree = "<group>"; };
		000363321AA975BD00056A03 /* servery_tile.jpg */ = {isa = PBXFileReference; lastKnownFileType = image.jpeg; path = servery_tile.jpg; sourceTree = "<group>"; };
		000363341AA98F8800056A03 /* calendar_tile.jpg */ = {isa = PBXFileReference; lastKnownFileType = image.jpeg; path = calendar_tile.jpg; sourceTree = "<group>"; };
		000363351AA98F8800056A03 /* directory_tile.jpg */ = {isa = PBXFileReference; lastKnownFileType = image.jpeg; path = directory_tile.jpg; sourceTree = "<group>"; };
		000363361AA98F8800056A03 /* facilities_tile.jpg */ = {isa = PBXFileReference; lastKnownFileType = image.jpeg; path = facilities_tile.jpg; sourceTree = "<group>"; };
		000363371AA98F8800056A03 /* fondren_tile.jpg */ = {isa = PBXFileReference; lastKnownFileType = image.jpeg; path = fondren_tile.jpg; sourceTree = "<group>"; };
		001DD9151AABFB1100A6D758 /* AtlasViewController.h */ = {isa = PBXFileReference; fileEncoding = 4; lastKnownFileType = sourcecode.c.h; path = AtlasViewController.h; sourceTree = "<group>"; };
		001DD9161AABFB1100A6D758 /* AtlasViewController.m */ = {isa = PBXFileReference; fileEncoding = 4; lastKnownFileType = sourcecode.c.objc; path = AtlasViewController.m; sourceTree = "<group>"; };
		002446E11AB67AFF00B93ED6 /* libGTLTouchStaticLib.a */ = {isa = PBXFileReference; lastKnownFileType = archive.ar; path = libGTLTouchStaticLib.a; sourceTree = "<group>"; };
		002446E41AB67B2B00B93ED6 /* GTLBase64.h */ = {isa = PBXFileReference; fileEncoding = 4; lastKnownFileType = sourcecode.c.h; path = GTLBase64.h; sourceTree = "<group>"; };
		002446E51AB67B2B00B93ED6 /* GTLBatchQuery.h */ = {isa = PBXFileReference; fileEncoding = 4; lastKnownFileType = sourcecode.c.h; path = GTLBatchQuery.h; sourceTree = "<group>"; };
		002446E61AB67B2B00B93ED6 /* GTLBatchResult.h */ = {isa = PBXFileReference; fileEncoding = 4; lastKnownFileType = sourcecode.c.h; path = GTLBatchResult.h; sourceTree = "<group>"; };
		002446E71AB67B2B00B93ED6 /* GTLDateTime.h */ = {isa = PBXFileReference; fileEncoding = 4; lastKnownFileType = sourcecode.c.h; path = GTLDateTime.h; sourceTree = "<group>"; };
		002446E81AB67B2B00B93ED6 /* GTLDefines.h */ = {isa = PBXFileReference; fileEncoding = 4; lastKnownFileType = sourcecode.c.h; path = GTLDefines.h; sourceTree = "<group>"; };
		002446E91AB67B2B00B93ED6 /* GTLErrorObject.h */ = {isa = PBXFileReference; fileEncoding = 4; lastKnownFileType = sourcecode.c.h; path = GTLErrorObject.h; sourceTree = "<group>"; };
		002446EA1AB67B2B00B93ED6 /* GTLFramework.h */ = {isa = PBXFileReference; fileEncoding = 4; lastKnownFileType = sourcecode.c.h; path = GTLFramework.h; sourceTree = "<group>"; };
		002446EB1AB67B2B00B93ED6 /* GTLJSONParser.h */ = {isa = PBXFileReference; fileEncoding = 4; lastKnownFileType = sourcecode.c.h; path = GTLJSONParser.h; sourceTree = "<group>"; };
		002446EC1AB67B2B00B93ED6 /* GTLObject.h */ = {isa = PBXFileReference; fileEncoding = 4; lastKnownFileType = sourcecode.c.h; path = GTLObject.h; sourceTree = "<group>"; };
		002446ED1AB67B2B00B93ED6 /* GTLQuery.h */ = {isa = PBXFileReference; fileEncoding = 4; lastKnownFileType = sourcecode.c.h; path = GTLQuery.h; sourceTree = "<group>"; };
		002446EE1AB67B2B00B93ED6 /* GTLRuntimeCommon.h */ = {isa = PBXFileReference; fileEncoding = 4; lastKnownFileType = sourcecode.c.h; path = GTLRuntimeCommon.h; sourceTree = "<group>"; };
		002446EF1AB67B2B00B93ED6 /* GTLService.h */ = {isa = PBXFileReference; fileEncoding = 4; lastKnownFileType = sourcecode.c.h; path = GTLService.h; sourceTree = "<group>"; };
		002446F01AB67B2B00B93ED6 /* GTLTargetNamespace.h */ = {isa = PBXFileReference; fileEncoding = 4; lastKnownFileType = sourcecode.c.h; path = GTLTargetNamespace.h; sourceTree = "<group>"; };
		002446F11AB67B2B00B93ED6 /* GTLUploadParameters.h */ = {isa = PBXFileReference; fileEncoding = 4; lastKnownFileType = sourcecode.c.h; path = GTLUploadParameters.h; sourceTree = "<group>"; };
		002446F21AB67B2B00B93ED6 /* GTLUtilities.h */ = {isa = PBXFileReference; fileEncoding = 4; lastKnownFileType = sourcecode.c.h; path = GTLUtilities.h; sourceTree = "<group>"; };
		002446F31AB67B2B00B93ED6 /* GTMGatherInputStream.h */ = {isa = PBXFileReference; fileEncoding = 4; lastKnownFileType = sourcecode.c.h; path = GTMGatherInputStream.h; sourceTree = "<group>"; };
		002446F41AB67B2B00B93ED6 /* GTMHTTPFetcher.h */ = {isa = PBXFileReference; fileEncoding = 4; lastKnownFileType = sourcecode.c.h; path = GTMHTTPFetcher.h; sourceTree = "<group>"; };
		002446F51AB67B2B00B93ED6 /* GTMHTTPFetcherLogging.h */ = {isa = PBXFileReference; fileEncoding = 4; lastKnownFileType = sourcecode.c.h; path = GTMHTTPFetcherLogging.h; sourceTree = "<group>"; };
		002446F61AB67B2B00B93ED6 /* GTMHTTPFetcherService.h */ = {isa = PBXFileReference; fileEncoding = 4; lastKnownFileType = sourcecode.c.h; path = GTMHTTPFetcherService.h; sourceTree = "<group>"; };
		002446F71AB67B2B00B93ED6 /* GTMHTTPFetchHistory.h */ = {isa = PBXFileReference; fileEncoding = 4; lastKnownFileType = sourcecode.c.h; path = GTMHTTPFetchHistory.h; sourceTree = "<group>"; };
		002446F81AB67B2B00B93ED6 /* GTMHTTPUploadFetcher.h */ = {isa = PBXFileReference; fileEncoding = 4; lastKnownFileType = sourcecode.c.h; path = GTMHTTPUploadFetcher.h; sourceTree = "<group>"; };
		002446F91AB67B2B00B93ED6 /* GTMMIMEDocument.h */ = {isa = PBXFileReference; fileEncoding = 4; lastKnownFileType = sourcecode.c.h; path = GTMMIMEDocument.h; sourceTree = "<group>"; };
		002446FA1AB67B2B00B93ED6 /* GTMOAuth2Authentication.h */ = {isa = PBXFileReference; fileEncoding = 4; lastKnownFileType = sourcecode.c.h; path = GTMOAuth2Authentication.h; sourceTree = "<group>"; };
		002446FB1AB67B2B00B93ED6 /* GTMOAuth2SignIn.h */ = {isa = PBXFileReference; fileEncoding = 4; lastKnownFileType = sourcecode.c.h; path = GTMOAuth2SignIn.h; sourceTree = "<group>"; };
		002446FC1AB67B2B00B93ED6 /* GTMOAuth2ViewControllerTouch.h */ = {isa = PBXFileReference; fileEncoding = 4; lastKnownFileType = sourcecode.c.h; path = GTMOAuth2ViewControllerTouch.h; sourceTree = "<group>"; };
		002446FD1AB67B2B00B93ED6 /* GTMOAuth2WindowController.h */ = {isa = PBXFileReference; fileEncoding = 4; lastKnownFileType = sourcecode.c.h; path = GTMOAuth2WindowController.h; sourceTree = "<group>"; };
		002446FE1AB67B2B00B93ED6 /* GTMReadMonitorInputStream.h */ = {isa = PBXFileReference; fileEncoding = 4; lastKnownFileType = sourcecode.c.h; path = GTMReadMonitorInputStream.h; sourceTree = "<group>"; };
		00251EC91AAE2C5B00CED150 /* CalendarViewController.h */ = {isa = PBXFileReference; fileEncoding = 4; lastKnownFileType = sourcecode.c.h; path = CalendarViewController.h; sourceTree = "<group>"; };
		00251ECA1AAE2C5B00CED150 /* CalendarViewController.m */ = {isa = PBXFileReference; fileEncoding = 4; lastKnownFileType = sourcecode.c.objc; path = CalendarViewController.m; sourceTree = "<group>"; };
		002642421AB7C13600FDE597 /* CoreData.framework */ = {isa = PBXFileReference; lastKnownFileType = wrapper.framework; name = CoreData.framework; path = System/Library/Frameworks/CoreData.framework; sourceTree = SDKROOT; };
		002642441AB7C21200FDE597 /* libsqlite3.dylib */ = {isa = PBXFileReference; lastKnownFileType = "compiled.mach-o.dylib"; name = libsqlite3.dylib; path = usr/lib/libsqlite3.dylib; sourceTree = SDKROOT; };
		004601371AB67778000063A6 /* GTLCalendar.h */ = {isa = PBXFileReference; fileEncoding = 4; lastKnownFileType = sourcecode.c.h; path = GTLCalendar.h; sourceTree = "<group>"; };
		004601391AB67778000063A6 /* GTLCalendarAcl.h */ = {isa = PBXFileReference; fileEncoding = 4; lastKnownFileType = sourcecode.c.h; path = GTLCalendarAcl.h; sourceTree = "<group>"; };
		0046013A1AB67778000063A6 /* GTLCalendarAcl.m */ = {isa = PBXFileReference; fileEncoding = 4; lastKnownFileType = sourcecode.c.objc; path = GTLCalendarAcl.m; sourceTree = "<group>"; };
		0046013B1AB67778000063A6 /* GTLCalendarAclRule.h */ = {isa = PBXFileReference; fileEncoding = 4; lastKnownFileType = sourcecode.c.h; path = GTLCalendarAclRule.h; sourceTree = "<group>"; };
		0046013C1AB67778000063A6 /* GTLCalendarAclRule.m */ = {isa = PBXFileReference; fileEncoding = 4; lastKnownFileType = sourcecode.c.objc; path = GTLCalendarAclRule.m; sourceTree = "<group>"; };
		0046013D1AB67778000063A6 /* GTLCalendarCalendar.h */ = {isa = PBXFileReference; fileEncoding = 4; lastKnownFileType = sourcecode.c.h; path = GTLCalendarCalendar.h; sourceTree = "<group>"; };
		0046013E1AB67778000063A6 /* GTLCalendarCalendar.m */ = {isa = PBXFileReference; fileEncoding = 4; lastKnownFileType = sourcecode.c.objc; path = GTLCalendarCalendar.m; sourceTree = "<group>"; };
		0046013F1AB67778000063A6 /* GTLCalendarCalendarList.h */ = {isa = PBXFileReference; fileEncoding = 4; lastKnownFileType = sourcecode.c.h; path = GTLCalendarCalendarList.h; sourceTree = "<group>"; };
		004601401AB67778000063A6 /* GTLCalendarCalendarList.m */ = {isa = PBXFileReference; fileEncoding = 4; lastKnownFileType = sourcecode.c.objc; path = GTLCalendarCalendarList.m; sourceTree = "<group>"; };
		004601411AB67778000063A6 /* GTLCalendarCalendarListEntry.h */ = {isa = PBXFileReference; fileEncoding = 4; lastKnownFileType = sourcecode.c.h; path = GTLCalendarCalendarListEntry.h; sourceTree = "<group>"; };
		004601421AB67778000063A6 /* GTLCalendarCalendarListEntry.m */ = {isa = PBXFileReference; fileEncoding = 4; lastKnownFileType = sourcecode.c.objc; path = GTLCalendarCalendarListEntry.m; sourceTree = "<group>"; };
		004601431AB67778000063A6 /* GTLCalendarChannel.h */ = {isa = PBXFileReference; fileEncoding = 4; lastKnownFileType = sourcecode.c.h; path = GTLCalendarChannel.h; sourceTree = "<group>"; };
		004601441AB67778000063A6 /* GTLCalendarChannel.m */ = {isa = PBXFileReference; fileEncoding = 4; lastKnownFileType = sourcecode.c.objc; path = GTLCalendarChannel.m; sourceTree = "<group>"; };
		004601451AB67778000063A6 /* GTLCalendarColorDefinition.h */ = {isa = PBXFileReference; fileEncoding = 4; lastKnownFileType = sourcecode.c.h; path = GTLCalendarColorDefinition.h; sourceTree = "<group>"; };
		004601461AB67778000063A6 /* GTLCalendarColorDefinition.m */ = {isa = PBXFileReference; fileEncoding = 4; lastKnownFileType = sourcecode.c.objc; path = GTLCalendarColorDefinition.m; sourceTree = "<group>"; };
		004601471AB67778000063A6 /* GTLCalendarColors.h */ = {isa = PBXFileReference; fileEncoding = 4; lastKnownFileType = sourcecode.c.h; path = GTLCalendarColors.h; sourceTree = "<group>"; };
		004601481AB67778000063A6 /* GTLCalendarColors.m */ = {isa = PBXFileReference; fileEncoding = 4; lastKnownFileType = sourcecode.c.objc; path = GTLCalendarColors.m; sourceTree = "<group>"; };
		004601491AB67778000063A6 /* GTLCalendarConstants.h */ = {isa = PBXFileReference; fileEncoding = 4; lastKnownFileType = sourcecode.c.h; path = GTLCalendarConstants.h; sourceTree = "<group>"; };
		0046014A1AB67778000063A6 /* GTLCalendarConstants.m */ = {isa = PBXFileReference; fileEncoding = 4; lastKnownFileType = sourcecode.c.objc; path = GTLCalendarConstants.m; sourceTree = "<group>"; };
		0046014B1AB67778000063A6 /* GTLCalendarError.h */ = {isa = PBXFileReference; fileEncoding = 4; lastKnownFileType = sourcecode.c.h; path = GTLCalendarError.h; sourceTree = "<group>"; };
		0046014C1AB67778000063A6 /* GTLCalendarError.m */ = {isa = PBXFileReference; fileEncoding = 4; lastKnownFileType = sourcecode.c.objc; path = GTLCalendarError.m; sourceTree = "<group>"; };
		0046014D1AB67778000063A6 /* GTLCalendarEvent.h */ = {isa = PBXFileReference; fileEncoding = 4; lastKnownFileType = sourcecode.c.h; path = GTLCalendarEvent.h; sourceTree = "<group>"; };
		0046014E1AB67778000063A6 /* GTLCalendarEvent.m */ = {isa = PBXFileReference; fileEncoding = 4; lastKnownFileType = sourcecode.c.objc; path = GTLCalendarEvent.m; sourceTree = "<group>"; };
		0046014F1AB67778000063A6 /* GTLCalendarEventAttachment.h */ = {isa = PBXFileReference; fileEncoding = 4; lastKnownFileType = sourcecode.c.h; path = GTLCalendarEventAttachment.h; sourceTree = "<group>"; };
		004601501AB67778000063A6 /* GTLCalendarEventAttachment.m */ = {isa = PBXFileReference; fileEncoding = 4; lastKnownFileType = sourcecode.c.objc; path = GTLCalendarEventAttachment.m; sourceTree = "<group>"; };
		004601511AB67778000063A6 /* GTLCalendarEventAttendee.h */ = {isa = PBXFileReference; fileEncoding = 4; lastKnownFileType = sourcecode.c.h; path = GTLCalendarEventAttendee.h; sourceTree = "<group>"; };
		004601521AB67778000063A6 /* GTLCalendarEventAttendee.m */ = {isa = PBXFileReference; fileEncoding = 4; lastKnownFileType = sourcecode.c.objc; path = GTLCalendarEventAttendee.m; sourceTree = "<group>"; };
		004601531AB67778000063A6 /* GTLCalendarEventDateTime.h */ = {isa = PBXFileReference; fileEncoding = 4; lastKnownFileType = sourcecode.c.h; path = GTLCalendarEventDateTime.h; sourceTree = "<group>"; };
		004601541AB67778000063A6 /* GTLCalendarEventDateTime.m */ = {isa = PBXFileReference; fileEncoding = 4; lastKnownFileType = sourcecode.c.objc; path = GTLCalendarEventDateTime.m; sourceTree = "<group>"; };
		004601551AB67778000063A6 /* GTLCalendarEventReminder.h */ = {isa = PBXFileReference; fileEncoding = 4; lastKnownFileType = sourcecode.c.h; path = GTLCalendarEventReminder.h; sourceTree = "<group>"; };
		004601561AB67778000063A6 /* GTLCalendarEventReminder.m */ = {isa = PBXFileReference; fileEncoding = 4; lastKnownFileType = sourcecode.c.objc; path = GTLCalendarEventReminder.m; sourceTree = "<group>"; };
		004601571AB67778000063A6 /* GTLCalendarEvents.h */ = {isa = PBXFileReference; fileEncoding = 4; lastKnownFileType = sourcecode.c.h; path = GTLCalendarEvents.h; sourceTree = "<group>"; };
		004601581AB67778000063A6 /* GTLCalendarEvents.m */ = {isa = PBXFileReference; fileEncoding = 4; lastKnownFileType = sourcecode.c.objc; path = GTLCalendarEvents.m; sourceTree = "<group>"; };
		004601591AB67778000063A6 /* GTLCalendarFreeBusyCalendar.h */ = {isa = PBXFileReference; fileEncoding = 4; lastKnownFileType = sourcecode.c.h; path = GTLCalendarFreeBusyCalendar.h; sourceTree = "<group>"; };
		0046015A1AB67778000063A6 /* GTLCalendarFreeBusyCalendar.m */ = {isa = PBXFileReference; fileEncoding = 4; lastKnownFileType = sourcecode.c.objc; path = GTLCalendarFreeBusyCalendar.m; sourceTree = "<group>"; };
		0046015B1AB67778000063A6 /* GTLCalendarFreeBusyGroup.h */ = {isa = PBXFileReference; fileEncoding = 4; lastKnownFileType = sourcecode.c.h; path = GTLCalendarFreeBusyGroup.h; sourceTree = "<group>"; };
		0046015C1AB67778000063A6 /* GTLCalendarFreeBusyGroup.m */ = {isa = PBXFileReference; fileEncoding = 4; lastKnownFileType = sourcecode.c.objc; path = GTLCalendarFreeBusyGroup.m; sourceTree = "<group>"; };
		0046015D1AB67778000063A6 /* GTLCalendarFreeBusyRequestItem.h */ = {isa = PBXFileReference; fileEncoding = 4; lastKnownFileType = sourcecode.c.h; path = GTLCalendarFreeBusyRequestItem.h; sourceTree = "<group>"; };
		0046015E1AB67778000063A6 /* GTLCalendarFreeBusyRequestItem.m */ = {isa = PBXFileReference; fileEncoding = 4; lastKnownFileType = sourcecode.c.objc; path = GTLCalendarFreeBusyRequestItem.m; sourceTree = "<group>"; };
		0046015F1AB67778000063A6 /* GTLCalendarFreeBusyResponse.h */ = {isa = PBXFileReference; fileEncoding = 4; lastKnownFileType = sourcecode.c.h; path = GTLCalendarFreeBusyResponse.h; sourceTree = "<group>"; };
		004601601AB67778000063A6 /* GTLCalendarFreeBusyResponse.m */ = {isa = PBXFileReference; fileEncoding = 4; lastKnownFileType = sourcecode.c.objc; path = GTLCalendarFreeBusyResponse.m; sourceTree = "<group>"; };
		004601611AB67778000063A6 /* GTLCalendarNotification.h */ = {isa = PBXFileReference; fileEncoding = 4; lastKnownFileType = sourcecode.c.h; path = GTLCalendarNotification.h; sourceTree = "<group>"; };
		004601621AB67778000063A6 /* GTLCalendarNotification.m */ = {isa = PBXFileReference; fileEncoding = 4; lastKnownFileType = sourcecode.c.objc; path = GTLCalendarNotification.m; sourceTree = "<group>"; };
		004601631AB67778000063A6 /* GTLCalendarSetting.h */ = {isa = PBXFileReference; fileEncoding = 4; lastKnownFileType = sourcecode.c.h; path = GTLCalendarSetting.h; sourceTree = "<group>"; };
		004601641AB67778000063A6 /* GTLCalendarSetting.m */ = {isa = PBXFileReference; fileEncoding = 4; lastKnownFileType = sourcecode.c.objc; path = GTLCalendarSetting.m; sourceTree = "<group>"; };
		004601651AB67778000063A6 /* GTLCalendarSettings.h */ = {isa = PBXFileReference; fileEncoding = 4; lastKnownFileType = sourcecode.c.h; path = GTLCalendarSettings.h; sourceTree = "<group>"; };
		004601661AB67778000063A6 /* GTLCalendarSettings.m */ = {isa = PBXFileReference; fileEncoding = 4; lastKnownFileType = sourcecode.c.objc; path = GTLCalendarSettings.m; sourceTree = "<group>"; };
		004601671AB67778000063A6 /* GTLCalendarTimePeriod.h */ = {isa = PBXFileReference; fileEncoding = 4; lastKnownFileType = sourcecode.c.h; path = GTLCalendarTimePeriod.h; sourceTree = "<group>"; };
		004601681AB67778000063A6 /* GTLCalendarTimePeriod.m */ = {isa = PBXFileReference; fileEncoding = 4; lastKnownFileType = sourcecode.c.objc; path = GTLCalendarTimePeriod.m; sourceTree = "<group>"; };
		004601691AB67778000063A6 /* GTLQueryCalendar.h */ = {isa = PBXFileReference; fileEncoding = 4; lastKnownFileType = sourcecode.c.h; path = GTLQueryCalendar.h; sourceTree = "<group>"; };
		0046016A1AB67778000063A6 /* GTLQueryCalendar.m */ = {isa = PBXFileReference; fileEncoding = 4; lastKnownFileType = sourcecode.c.objc; path = GTLQueryCalendar.m; sourceTree = "<group>"; };
		0046016B1AB67778000063A6 /* GTLServiceCalendar.h */ = {isa = PBXFileReference; fileEncoding = 4; lastKnownFileType = sourcecode.c.h; path = GTLServiceCalendar.h; sourceTree = "<group>"; };
		0046016C1AB67778000063A6 /* GTLServiceCalendar.m */ = {isa = PBXFileReference; fileEncoding = 4; lastKnownFileType = sourcecode.c.objc; path = GTLServiceCalendar.m; sourceTree = "<group>"; };
		00A075951A8995AB002532FD /* student-life.app */ = {isa = PBXFileReference; explicitFileType = wrapper.application; includeInIndex = 0; path = "student-life.app"; sourceTree = BUILT_PRODUCTS_DIR; };
		00A075991A8995AB002532FD /* Info.plist */ = {isa = PBXFileReference; lastKnownFileType = text.plist.xml; path = Info.plist; sourceTree = "<group>"; };
		00A0759A1A8995AB002532FD /* main.m */ = {isa = PBXFileReference; lastKnownFileType = sourcecode.c.objc; path = main.m; sourceTree = "<group>"; };
		00A0759C1A8995AB002532FD /* AppDelegate.h */ = {isa = PBXFileReference; lastKnownFileType = sourcecode.c.h; path = AppDelegate.h; sourceTree = "<group>"; };
		00A0759D1A8995AB002532FD /* AppDelegate.m */ = {isa = PBXFileReference; lastKnownFileType = sourcecode.c.objc; path = AppDelegate.m; sourceTree = "<group>"; };
		00A0759F1A8995AB002532FD /* HomeViewController.h */ = {isa = PBXFileReference; lastKnownFileType = sourcecode.c.h; path = HomeViewController.h; sourceTree = "<group>"; };
		00A075A01A8995AB002532FD /* HomeViewController.m */ = {isa = PBXFileReference; lastKnownFileType = sourcecode.c.objc; path = HomeViewController.m; sourceTree = "<group>"; };
		00A075A31A8995AB002532FD /* Base */ = {isa = PBXFileReference; lastKnownFileType = file.storyboard; name = Base; path = Base.lproj/Main.storyboard; sourceTree = "<group>"; };
		00A075A51A8995AB002532FD /* Images.xcassets */ = {isa = PBXFileReference; lastKnownFileType = folder.assetcatalog; path = Images.xcassets; sourceTree = "<group>"; };
		00A075A81A8995AB002532FD /* Base */ = {isa = PBXFileReference; lastKnownFileType = file.xib; name = Base; path = Base.lproj/LaunchScreen.xib; sourceTree = "<group>"; };
		00A075AE1A8995AB002532FD /* student-lifeTests.xctest */ = {isa = PBXFileReference; explicitFileType = wrapper.cfbundle; includeInIndex = 0; path = "student-lifeTests.xctest"; sourceTree = BUILT_PRODUCTS_DIR; };
		00A075B31A8995AB002532FD /* Info.plist */ = {isa = PBXFileReference; lastKnownFileType = text.plist.xml; path = Info.plist; sourceTree = "<group>"; };
		00A075B41A8995AB002532FD /* student_lifeTests.m */ = {isa = PBXFileReference; lastKnownFileType = sourcecode.c.objc; path = student_lifeTests.m; sourceTree = "<group>"; };
		00A0F3A21A91963000F05B68 /* header_logo.png */ = {isa = PBXFileReference; lastKnownFileType = image.png; path = header_logo.png; sourceTree = "<group>"; };
		00A0F3A41A919A3500F05B68 /* cover.jpg */ = {isa = PBXFileReference; lastKnownFileType = image.jpeg; path = cover.jpg; sourceTree = "<group>"; };
		00B84DB01AB0D39C0055CD4F /* Security.framework */ = {isa = PBXFileReference; lastKnownFileType = wrapper.framework; name = Security.framework; path = System/Library/Frameworks/Security.framework; sourceTree = SDKROOT; };
		00B84DB21AB0D3A40055CD4F /* SystemConfiguration.framework */ = {isa = PBXFileReference; lastKnownFileType = wrapper.framework; name = SystemConfiguration.framework; path = System/Library/Frameworks/SystemConfiguration.framework; sourceTree = SDKROOT; };
		00F5EC141AAD3E4900047D2E /* ServeryViewController.h */ = {isa = PBXFileReference; fileEncoding = 4; lastKnownFileType = sourcecode.c.h; path = ServeryViewController.h; sourceTree = "<group>"; };
		00F5EC151AAD3E4900047D2E /* ServeryViewController.m */ = {isa = PBXFileReference; fileEncoding = 4; lastKnownFileType = sourcecode.c.objc; path = ServeryViewController.m; sourceTree = "<group>"; };
		AD240E631AAE776900F3D5B4 /* LoginController.h */ = {isa = PBXFileReference; fileEncoding = 4; lastKnownFileType = sourcecode.c.h; path = LoginController.h; sourceTree = "<group>"; };
		AD240E641AAE776900F3D5B4 /* LoginController.m */ = {isa = PBXFileReference; fileEncoding = 4; lastKnownFileType = sourcecode.c.objc; path = LoginController.m; sourceTree = "<group>"; };
/* End PBXFileReference section */

/* Begin PBXFrameworksBuildPhase section */
		00A075921A8995AB002532FD /* Frameworks */ = {
			isa = PBXFrameworksBuildPhase;
			buildActionMask = 2147483647;
			files = (
				002642451AB7C21200FDE597 /* libsqlite3.dylib in Frameworks */,
				00B84DB31AB0D3A40055CD4F /* SystemConfiguration.framework in Frameworks */,
				00B84DB11AB0D39C0055CD4F /* Security.framework in Frameworks */,
				002446E21AB67AFF00B93ED6 /* libGTLTouchStaticLib.a in Frameworks */,
			);
			runOnlyForDeploymentPostprocessing = 0;
		};
		00A075AB1A8995AB002532FD /* Frameworks */ = {
			isa = PBXFrameworksBuildPhase;
			buildActionMask = 2147483647;
			files = (
			);
			runOnlyForDeploymentPostprocessing = 0;
		};
/* End PBXFrameworksBuildPhase section */

/* Begin PBXGroup section */
		002446E31AB67B2B00B93ED6 /* Headers */ = {
			isa = PBXGroup;
			children = (
				002446E41AB67B2B00B93ED6 /* GTLBase64.h */,
				002446E51AB67B2B00B93ED6 /* GTLBatchQuery.h */,
				002446E61AB67B2B00B93ED6 /* GTLBatchResult.h */,
				002446E71AB67B2B00B93ED6 /* GTLDateTime.h */,
				002446E81AB67B2B00B93ED6 /* GTLDefines.h */,
				002446E91AB67B2B00B93ED6 /* GTLErrorObject.h */,
				002446EA1AB67B2B00B93ED6 /* GTLFramework.h */,
				002446EB1AB67B2B00B93ED6 /* GTLJSONParser.h */,
				002446EC1AB67B2B00B93ED6 /* GTLObject.h */,
				002446ED1AB67B2B00B93ED6 /* GTLQuery.h */,
				002446EE1AB67B2B00B93ED6 /* GTLRuntimeCommon.h */,
				002446EF1AB67B2B00B93ED6 /* GTLService.h */,
				002446F01AB67B2B00B93ED6 /* GTLTargetNamespace.h */,
				002446F11AB67B2B00B93ED6 /* GTLUploadParameters.h */,
				002446F21AB67B2B00B93ED6 /* GTLUtilities.h */,
				002446F31AB67B2B00B93ED6 /* GTMGatherInputStream.h */,
				002446F41AB67B2B00B93ED6 /* GTMHTTPFetcher.h */,
				002446F51AB67B2B00B93ED6 /* GTMHTTPFetcherLogging.h */,
				002446F61AB67B2B00B93ED6 /* GTMHTTPFetcherService.h */,
				002446F71AB67B2B00B93ED6 /* GTMHTTPFetchHistory.h */,
				002446F81AB67B2B00B93ED6 /* GTMHTTPUploadFetcher.h */,
				002446F91AB67B2B00B93ED6 /* GTMMIMEDocument.h */,
				002446FA1AB67B2B00B93ED6 /* GTMOAuth2Authentication.h */,
				002446FB1AB67B2B00B93ED6 /* GTMOAuth2SignIn.h */,
				002446FC1AB67B2B00B93ED6 /* GTMOAuth2ViewControllerTouch.h */,
				002446FD1AB67B2B00B93ED6 /* GTMOAuth2WindowController.h */,
				002446FE1AB67B2B00B93ED6 /* GTMReadMonitorInputStream.h */,
			);
			path = Headers;
			sourceTree = "<group>";
		};
		00251ECF1AAE731900CED150 /* Frameworks */ = {
			isa = PBXGroup;
			children = (
				002642441AB7C21200FDE597 /* libsqlite3.dylib */,
				002642421AB7C13600FDE597 /* CoreData.framework */,
				002446E11AB67AFF00B93ED6 /* libGTLTouchStaticLib.a */,
				00B84DB21AB0D3A40055CD4F /* SystemConfiguration.framework */,
				00B84DB01AB0D39C0055CD4F /* Security.framework */,
			);
			name = Frameworks;
			sourceTree = "<group>";
		};
		004601351AB67778000063A6 /* Calendar */ = {
			isa = PBXGroup;
			children = (
				002446E31AB67B2B00B93ED6 /* Headers */,
				004601361AB67778000063A6 /* Generated */,
			);
			path = Calendar;
			sourceTree = "<group>";
		};
		004601361AB67778000063A6 /* Generated */ = {
			isa = PBXGroup;
			children = (
				004601371AB67778000063A6 /* GTLCalendar.h */,
				004601391AB67778000063A6 /* GTLCalendarAcl.h */,
				0046013A1AB67778000063A6 /* GTLCalendarAcl.m */,
				0046013B1AB67778000063A6 /* GTLCalendarAclRule.h */,
				0046013C1AB67778000063A6 /* GTLCalendarAclRule.m */,
				0046013D1AB67778000063A6 /* GTLCalendarCalendar.h */,
				0046013E1AB67778000063A6 /* GTLCalendarCalendar.m */,
				0046013F1AB67778000063A6 /* GTLCalendarCalendarList.h */,
				004601401AB67778000063A6 /* GTLCalendarCalendarList.m */,
				004601411AB67778000063A6 /* GTLCalendarCalendarListEntry.h */,
				004601421AB67778000063A6 /* GTLCalendarCalendarListEntry.m */,
				004601431AB67778000063A6 /* GTLCalendarChannel.h */,
				004601441AB67778000063A6 /* GTLCalendarChannel.m */,
				004601451AB67778000063A6 /* GTLCalendarColorDefinition.h */,
				004601461AB67778000063A6 /* GTLCalendarColorDefinition.m */,
				004601471AB67778000063A6 /* GTLCalendarColors.h */,
				004601481AB67778000063A6 /* GTLCalendarColors.m */,
				004601491AB67778000063A6 /* GTLCalendarConstants.h */,
				0046014A1AB67778000063A6 /* GTLCalendarConstants.m */,
				0046014B1AB67778000063A6 /* GTLCalendarError.h */,
				0046014C1AB67778000063A6 /* GTLCalendarError.m */,
				0046014D1AB67778000063A6 /* GTLCalendarEvent.h */,
				0046014E1AB67778000063A6 /* GTLCalendarEvent.m */,
				0046014F1AB67778000063A6 /* GTLCalendarEventAttachment.h */,
				004601501AB67778000063A6 /* GTLCalendarEventAttachment.m */,
				004601511AB67778000063A6 /* GTLCalendarEventAttendee.h */,
				004601521AB67778000063A6 /* GTLCalendarEventAttendee.m */,
				004601531AB67778000063A6 /* GTLCalendarEventDateTime.h */,
				004601541AB67778000063A6 /* GTLCalendarEventDateTime.m */,
				004601551AB67778000063A6 /* GTLCalendarEventReminder.h */,
				004601561AB67778000063A6 /* GTLCalendarEventReminder.m */,
				004601571AB67778000063A6 /* GTLCalendarEvents.h */,
				004601581AB67778000063A6 /* GTLCalendarEvents.m */,
				004601591AB67778000063A6 /* GTLCalendarFreeBusyCalendar.h */,
				0046015A1AB67778000063A6 /* GTLCalendarFreeBusyCalendar.m */,
				0046015B1AB67778000063A6 /* GTLCalendarFreeBusyGroup.h */,
				0046015C1AB67778000063A6 /* GTLCalendarFreeBusyGroup.m */,
				0046015D1AB67778000063A6 /* GTLCalendarFreeBusyRequestItem.h */,
				0046015E1AB67778000063A6 /* GTLCalendarFreeBusyRequestItem.m */,
				0046015F1AB67778000063A6 /* GTLCalendarFreeBusyResponse.h */,
				004601601AB67778000063A6 /* GTLCalendarFreeBusyResponse.m */,
				004601611AB67778000063A6 /* GTLCalendarNotification.h */,
				004601621AB67778000063A6 /* GTLCalendarNotification.m */,
				004601631AB67778000063A6 /* GTLCalendarSetting.h */,
				004601641AB67778000063A6 /* GTLCalendarSetting.m */,
				004601651AB67778000063A6 /* GTLCalendarSettings.h */,
				004601661AB67778000063A6 /* GTLCalendarSettings.m */,
				004601671AB67778000063A6 /* GTLCalendarTimePeriod.h */,
				004601681AB67778000063A6 /* GTLCalendarTimePeriod.m */,
				004601691AB67778000063A6 /* GTLQueryCalendar.h */,
				0046016A1AB67778000063A6 /* GTLQueryCalendar.m */,
				0046016B1AB67778000063A6 /* GTLServiceCalendar.h */,
				0046016C1AB67778000063A6 /* GTLServiceCalendar.m */,
			);
			path = Generated;
			sourceTree = "<group>";
		};
		00A0758C1A8995AB002532FD = {
			isa = PBXGroup;
			children = (
				00A075971A8995AB002532FD /* Target Files */,
				00A075B11A8995AB002532FD /* student-lifeTests */,
				00A075961A8995AB002532FD /* Products */,
				00251ECF1AAE731900CED150 /* Frameworks */,
			);
			sourceTree = "<group>";
		};
		00A075961A8995AB002532FD /* Products */ = {
			isa = PBXGroup;
			children = (
				00A075951A8995AB002532FD /* student-life.app */,
				00A075AE1A8995AB002532FD /* student-lifeTests.xctest */,
			);
			name = Products;
			sourceTree = "<group>";
		};
		00A075971A8995AB002532FD /* Target Files */ = {
			isa = PBXGroup;
			children = (
				AD240E631AAE776900F3D5B4 /* LoginController.h */,
				AD240E641AAE776900F3D5B4 /* LoginController.m */,
				00A0759C1A8995AB002532FD /* AppDelegate.h */,
				00A0759D1A8995AB002532FD /* AppDelegate.m */,
				00A0759F1A8995AB002532FD /* HomeViewController.h */,
				00A075A01A8995AB002532FD /* HomeViewController.m */,
				001DD9151AABFB1100A6D758 /* AtlasViewController.h */,
				001DD9161AABFB1100A6D758 /* AtlasViewController.m */,
				00A075A21A8995AB002532FD /* Main.storyboard */,
				00251EC91AAE2C5B00CED150 /* CalendarViewController.h */,
				00251ECA1AAE2C5B00CED150 /* CalendarViewController.m */,
				00F5EC141AAD3E4900047D2E /* ServeryViewController.h */,
				00F5EC151AAD3E4900047D2E /* ServeryViewController.m */,
				00A075A51A8995AB002532FD /* Images.xcassets */,
				004601351AB67778000063A6 /* Calendar */,
				00A0F3A11A91963000F05B68 /* Images */,
				00A075A71A8995AB002532FD /* LaunchScreen.xib */,
				00A075981A8995AB002532FD /* Supporting Files */,
			);
			name = "Target Files";
			path = "student-life";
			sourceTree = "<group>";
		};
		00A075981A8995AB002532FD /* Supporting Files */ = {
			isa = PBXGroup;
			children = (
				00A075991A8995AB002532FD /* Info.plist */,
				00A0759A1A8995AB002532FD /* main.m */,
			);
			name = "Supporting Files";
			sourceTree = "<group>";
		};
		00A075B11A8995AB002532FD /* student-lifeTests */ = {
			isa = PBXGroup;
			children = (
				00A075B41A8995AB002532FD /* student_lifeTests.m */,
				00A075B21A8995AB002532FD /* Supporting Files */,
			);
			path = "student-lifeTests";
			sourceTree = "<group>";
		};
		00A075B21A8995AB002532FD /* Supporting Files */ = {
			isa = PBXGroup;
			children = (
				00A075B31A8995AB002532FD /* Info.plist */,
			);
			name = "Supporting Files";
			sourceTree = "<group>";
		};
		00A0F3A11A91963000F05B68 /* Images */ = {
			isa = PBXGroup;
			children = (
				000363341AA98F8800056A03 /* calendar_tile.jpg */,
				000363351AA98F8800056A03 /* directory_tile.jpg */,
				000363361AA98F8800056A03 /* facilities_tile.jpg */,
				000363371AA98F8800056A03 /* fondren_tile.jpg */,
				000363321AA975BD00056A03 /* servery_tile.jpg */,
				000363301AA96ED200056A03 /* atlas_tile.jpg */,
				00A0F3A41A919A3500F05B68 /* cover.jpg */,
				00A0F3A21A91963000F05B68 /* header_logo.png */,
			);
			path = Images;
			sourceTree = "<group>";
		};
/* End PBXGroup section */

/* Begin PBXNativeTarget section */
		00A075941A8995AB002532FD /* student-life */ = {
			isa = PBXNativeTarget;
			buildConfigurationList = 00A075B81A8995AB002532FD /* Build configuration list for PBXNativeTarget "student-life" */;
			buildPhases = (
				00A075911A8995AB002532FD /* Sources */,
				00A075921A8995AB002532FD /* Frameworks */,
				00A075931A8995AB002532FD /* Resources */,
			);
			buildRules = (
			);
			dependencies = (
			);
			name = "student-life";
			productName = "student-life";
			productReference = 00A075951A8995AB002532FD /* student-life.app */;
			productType = "com.apple.product-type.application";
		};
		00A075AD1A8995AB002532FD /* student-lifeTests */ = {
			isa = PBXNativeTarget;
			buildConfigurationList = 00A075BB1A8995AB002532FD /* Build configuration list for PBXNativeTarget "student-lifeTests" */;
			buildPhases = (
				00A075AA1A8995AB002532FD /* Sources */,
				00A075AB1A8995AB002532FD /* Frameworks */,
				00A075AC1A8995AB002532FD /* Resources */,
			);
			buildRules = (
			);
			dependencies = (
				00A075B01A8995AB002532FD /* PBXTargetDependency */,
			);
			name = "student-lifeTests";
			productName = "student-lifeTests";
			productReference = 00A075AE1A8995AB002532FD /* student-lifeTests.xctest */;
			productType = "com.apple.product-type.bundle.unit-test";
		};
/* End PBXNativeTarget section */

/* Begin PBXProject section */
		00A0758D1A8995AB002532FD /* Project object */ = {
			isa = PBXProject;
			attributes = {
				LastUpgradeCheck = 0620;
				ORGANIZATIONNAME = "Jeffrey Xiong";
				TargetAttributes = {
					00A075941A8995AB002532FD = {
						CreatedOnToolsVersion = 6.1.1;
					};
					00A075AD1A8995AB002532FD = {
						CreatedOnToolsVersion = 6.1.1;
						TestTargetID = 00A075941A8995AB002532FD;
					};
				};
			};
			buildConfigurationList = 00A075901A8995AB002532FD /* Build configuration list for PBXProject "student-life" */;
			compatibilityVersion = "Xcode 3.2";
			developmentRegion = English;
			hasScannedForEncodings = 0;
			knownRegions = (
				en,
				Base,
			);
			mainGroup = 00A0758C1A8995AB002532FD;
			productRefGroup = 00A075961A8995AB002532FD /* Products */;
			projectDirPath = "";
			projectRoot = "";
			targets = (
				00A075941A8995AB002532FD /* student-life */,
				00A075AD1A8995AB002532FD /* student-lifeTests */,
			);
		};
/* End PBXProject section */

/* Begin PBXResourcesBuildPhase section */
		00A075931A8995AB002532FD /* Resources */ = {
			isa = PBXResourcesBuildPhase;
			buildActionMask = 2147483647;
			files = (
				0003633A1AA98F8800056A03 /* facilities_tile.jpg in Resources */,
				00A075A41A8995AB002532FD /* Main.storyboard in Resources */,
				000363391AA98F8800056A03 /* directory_tile.jpg in Resources */,
				00A075A91A8995AB002532FD /* LaunchScreen.xib in Resources */,
				00A0F3A51A919A3500F05B68 /* cover.jpg in Resources */,
				00A075A61A8995AB002532FD /* Images.xcassets in Resources */,
				000363331AA975BD00056A03 /* servery_tile.jpg in Resources */,
				0003633B1AA98F8800056A03 /* fondren_tile.jpg in Resources */,
				00A0F3A31A91963000F05B68 /* header_logo.png in Resources */,
				000363311AA96ED200056A03 /* atlas_tile.jpg in Resources */,
				000363381AA98F8800056A03 /* calendar_tile.jpg in Resources */,
			);
			runOnlyForDeploymentPostprocessing = 0;
		};
		00A075AC1A8995AB002532FD /* Resources */ = {
			isa = PBXResourcesBuildPhase;
			buildActionMask = 2147483647;
			files = (
			);
			runOnlyForDeploymentPostprocessing = 0;
		};
/* End PBXResourcesBuildPhase section */

/* Begin PBXSourcesBuildPhase section */
		00A075911A8995AB002532FD /* Sources */ = {
			isa = PBXSourcesBuildPhase;
			buildActionMask = 2147483647;
			files = (
				0046018C1AB67778000063A6 /* GTLCalendarCalendar.m in Sources */,
				004601911AB67778000063A6 /* GTLCalendarColors.m in Sources */,
				0046019A1AB67778000063A6 /* GTLCalendarFreeBusyCalendar.m in Sources */,
				004601961AB67778000063A6 /* GTLCalendarEventAttendee.m in Sources */,
				0046018F1AB67778000063A6 /* GTLCalendarChannel.m in Sources */,
				004601A11AB67778000063A6 /* GTLCalendarTimePeriod.m in Sources */,
				0046018E1AB67778000063A6 /* GTLCalendarCalendarListEntry.m in Sources */,
				004601971AB67778000063A6 /* GTLCalendarEventDateTime.m in Sources */,
				0046018A1AB67778000063A6 /* GTLCalendarAcl.m in Sources */,
				004601981AB67778000063A6 /* GTLCalendarEventReminder.m in Sources */,
				AD240E651AAE776900F3D5B4 /* LoginController.m in Sources */,
				001DD9171AABFB1100A6D758 /* AtlasViewController.m in Sources */,
				004601951AB67778000063A6 /* GTLCalendarEventAttachment.m in Sources */,
				00A075A11A8995AB002532FD /* HomeViewController.m in Sources */,
				0046019D1AB67778000063A6 /* GTLCalendarFreeBusyResponse.m in Sources */,
				004601991AB67778000063A6 /* GTLCalendarEvents.m in Sources */,
				0046019E1AB67778000063A6 /* GTLCalendarNotification.m in Sources */,
				004601901AB67778000063A6 /* GTLCalendarColorDefinition.m in Sources */,
				00F5EC161AAD3E4900047D2E /* ServeryViewController.m in Sources */,
				0046019B1AB67778000063A6 /* GTLCalendarFreeBusyGroup.m in Sources */,
				004601A01AB67778000063A6 /* GTLCalendarSettings.m in Sources */,
				004601931AB67778000063A6 /* GTLCalendarError.m in Sources */,
				0046018D1AB67778000063A6 /* GTLCalendarCalendarList.m in Sources */,
				0046018B1AB67778000063A6 /* GTLCalendarAclRule.m in Sources */,
				00A0759E1A8995AB002532FD /* AppDelegate.m in Sources */,
				0046019F1AB67778000063A6 /* GTLCalendarSetting.m in Sources */,
				004601921AB67778000063A6 /* GTLCalendarConstants.m in Sources */,
				004601941AB67778000063A6 /* GTLCalendarEvent.m in Sources */,
				004601A31AB67778000063A6 /* GTLServiceCalendar.m in Sources */,
				004601A21AB67778000063A6 /* GTLQueryCalendar.m in Sources */,
				0046019C1AB67778000063A6 /* GTLCalendarFreeBusyRequestItem.m in Sources */,
				00251ECB1AAE2C5B00CED150 /* CalendarViewController.m in Sources */,
				00A0759B1A8995AB002532FD /* main.m in Sources */,
			);
			runOnlyForDeploymentPostprocessing = 0;
		};
		00A075AA1A8995AB002532FD /* Sources */ = {
			isa = PBXSourcesBuildPhase;
			buildActionMask = 2147483647;
			files = (
				00A075B51A8995AB002532FD /* student_lifeTests.m in Sources */,
			);
			runOnlyForDeploymentPostprocessing = 0;
		};
/* End PBXSourcesBuildPhase section */

/* Begin PBXTargetDependency section */
		00A075B01A8995AB002532FD /* PBXTargetDependency */ = {
			isa = PBXTargetDependency;
			target = 00A075941A8995AB002532FD /* student-life */;
			targetProxy = 00A075AF1A8995AB002532FD /* PBXContainerItemProxy */;
		};
/* End PBXTargetDependency section */

/* Begin PBXVariantGroup section */
		00A075A21A8995AB002532FD /* Main.storyboard */ = {
			isa = PBXVariantGroup;
			children = (
				00A075A31A8995AB002532FD /* Base */,
			);
			name = Main.storyboard;
			sourceTree = "<group>";
		};
		00A075A71A8995AB002532FD /* LaunchScreen.xib */ = {
			isa = PBXVariantGroup;
			children = (
				00A075A81A8995AB002532FD /* Base */,
			);
			name = LaunchScreen.xib;
			sourceTree = "<group>";
		};
/* End PBXVariantGroup section */

/* Begin XCBuildConfiguration section */
		00A075B61A8995AB002532FD /* Debug */ = {
			isa = XCBuildConfiguration;
			buildSettings = {
				ALWAYS_SEARCH_USER_PATHS = NO;
				CLANG_CXX_LANGUAGE_STANDARD = "gnu++0x";
				CLANG_CXX_LIBRARY = "libc++";
				CLANG_ENABLE_MODULES = YES;
				CLANG_ENABLE_OBJC_ARC = YES;
				CLANG_WARN_BOOL_CONVERSION = YES;
				CLANG_WARN_CONSTANT_CONVERSION = YES;
				CLANG_WARN_DIRECT_OBJC_ISA_USAGE = YES_ERROR;
				CLANG_WARN_EMPTY_BODY = YES;
				CLANG_WARN_ENUM_CONVERSION = YES;
				CLANG_WARN_INT_CONVERSION = YES;
				CLANG_WARN_OBJC_ROOT_CLASS = YES_ERROR;
				CLANG_WARN_UNREACHABLE_CODE = YES;
				CLANG_WARN__DUPLICATE_METHOD_MATCH = YES;
				"CODE_SIGN_IDENTITY[sdk=iphoneos*]" = "iPhone Developer";
				COPY_PHASE_STRIP = NO;
				ENABLE_STRICT_OBJC_MSGSEND = YES;
				GCC_C_LANGUAGE_STANDARD = gnu99;
				GCC_DYNAMIC_NO_PIC = NO;
				GCC_OPTIMIZATION_LEVEL = 0;
				GCC_PREPROCESSOR_DEFINITIONS = (
					"DEBUG=1",
					"$(inherited)",
				);
				GCC_SYMBOLS_PRIVATE_EXTERN = NO;
				GCC_WARN_64_TO_32_BIT_CONVERSION = YES;
				GCC_WARN_ABOUT_RETURN_TYPE = YES_ERROR;
				GCC_WARN_UNDECLARED_SELECTOR = YES;
				GCC_WARN_UNINITIALIZED_AUTOS = YES_AGGRESSIVE;
				GCC_WARN_UNUSED_FUNCTION = YES;
				GCC_WARN_UNUSED_VARIABLE = YES;
				IPHONEOS_DEPLOYMENT_TARGET = 8.1;
				MTL_ENABLE_DEBUG_INFO = YES;
				ONLY_ACTIVE_ARCH = YES;
				SDKROOT = iphoneos;
				VALID_ARCHS = "arm64 armv7 armv7s";
			};
			name = Debug;
		};
		00A075B71A8995AB002532FD /* Release */ = {
			isa = XCBuildConfiguration;
			buildSettings = {
				ALWAYS_SEARCH_USER_PATHS = NO;
				CLANG_CXX_LANGUAGE_STANDARD = "gnu++0x";
				CLANG_CXX_LIBRARY = "libc++";
				CLANG_ENABLE_MODULES = YES;
				CLANG_ENABLE_OBJC_ARC = YES;
				CLANG_WARN_BOOL_CONVERSION = YES;
				CLANG_WARN_CONSTANT_CONVERSION = YES;
				CLANG_WARN_DIRECT_OBJC_ISA_USAGE = YES_ERROR;
				CLANG_WARN_EMPTY_BODY = YES;
				CLANG_WARN_ENUM_CONVERSION = YES;
				CLANG_WARN_INT_CONVERSION = YES;
				CLANG_WARN_OBJC_ROOT_CLASS = YES_ERROR;
				CLANG_WARN_UNREACHABLE_CODE = YES;
				CLANG_WARN__DUPLICATE_METHOD_MATCH = YES;
				"CODE_SIGN_IDENTITY[sdk=iphoneos*]" = "iPhone Developer";
				COPY_PHASE_STRIP = YES;
				ENABLE_NS_ASSERTIONS = NO;
				ENABLE_STRICT_OBJC_MSGSEND = YES;
				GCC_C_LANGUAGE_STANDARD = gnu99;
				GCC_WARN_64_TO_32_BIT_CONVERSION = YES;
				GCC_WARN_ABOUT_RETURN_TYPE = YES_ERROR;
				GCC_WARN_UNDECLARED_SELECTOR = YES;
				GCC_WARN_UNINITIALIZED_AUTOS = YES_AGGRESSIVE;
				GCC_WARN_UNUSED_FUNCTION = YES;
				GCC_WARN_UNUSED_VARIABLE = YES;
				IPHONEOS_DEPLOYMENT_TARGET = 8.1;
				MTL_ENABLE_DEBUG_INFO = NO;
				SDKROOT = iphoneos;
				VALIDATE_PRODUCT = YES;
				VALID_ARCHS = "arm64 armv7 armv7s";
			};
			name = Release;
		};
		00A075B91A8995AB002532FD /* Debug */ = {
			isa = XCBuildConfiguration;
			buildSettings = {
				ASSETCATALOG_COMPILER_APPICON_NAME = AppIcon;
				FRAMEWORK_SEARCH_PATHS = (
					"$(inherited)",
					"$(USER_LIBRARY_DIR)/Developer/Xcode/DerivedData/GTL-fvbhnqpelgpjrqejxxjyifihhhiy/Build/Products/Debug",
					"$(PROJECT_DIR)",
				);
				HEADER_SEARCH_PATHS = (
					"$(inherited)",
					/Applications/Xcode.app/Contents/Developer/Toolchains/XcodeDefault.xctoolchain/usr/include,
					/usr/include/libxml2,
				);
				INFOPLIST_FILE = "student-life/Info.plist";
				LD_RUNPATH_SEARCH_PATHS = "$(inherited) @executable_path/Frameworks";
				LIBRARY_SEARCH_PATHS = (
					"$(inherited)",
					"$(PROJECT_DIR)",
					"$(USER_LIBRARY_DIR)/Developer/Xcode/DerivedData/GTL-hfhdjprmdhvlqvggkvpfbzbfqhkn/Build/Products/Debug",
				);
				OTHER_LDFLAGS = (
					"$(OTHER_LDFLAGS)",
					"-ObjC",
					"-all_load",
				);
				PRODUCT_NAME = "$(TARGET_NAME)";
			};
			name = Debug;
		};
		00A075BA1A8995AB002532FD /* Release */ = {
			isa = XCBuildConfiguration;
			buildSettings = {
				ASSETCATALOG_COMPILER_APPICON_NAME = AppIcon;
				FRAMEWORK_SEARCH_PATHS = (
					"$(inherited)",
					"$(USER_LIBRARY_DIR)/Developer/Xcode/DerivedData/GTL-fvbhnqpelgpjrqejxxjyifihhhiy/Build/Products/Debug",
					"$(PROJECT_DIR)",
				);
				HEADER_SEARCH_PATHS = (
					"$(inherited)",
					/Applications/Xcode.app/Contents/Developer/Toolchains/XcodeDefault.xctoolchain/usr/include,
					/usr/include/libxml2,
				);
				INFOPLIST_FILE = "student-life/Info.plist";
				LD_RUNPATH_SEARCH_PATHS = "$(inherited) @executable_path/Frameworks";
				LIBRARY_SEARCH_PATHS = (
					"$(inherited)",
					"$(PROJECT_DIR)",
					"$(USER_LIBRARY_DIR)/Developer/Xcode/DerivedData/GTL-hfhdjprmdhvlqvggkvpfbzbfqhkn/Build/Products/Debug",
				);
				OTHER_LDFLAGS = (
					"$(OTHER_LDFLAGS)",
					"-ObjC",
					"-all_load",
				);
				PRODUCT_NAME = "$(TARGET_NAME)";
			};
			name = Release;
		};
		00A075BC1A8995AB002532FD /* Debug */ = {
			isa = XCBuildConfiguration;
			buildSettings = {
				BUNDLE_LOADER = "$(TEST_HOST)";
				FRAMEWORK_SEARCH_PATHS = "$(inherited)";
				GCC_PREPROCESSOR_DEFINITIONS = (
					"DEBUG=1",
					"$(inherited)",
				);
				INFOPLIST_FILE = "student-lifeTests/Info.plist";
				LD_RUNPATH_SEARCH_PATHS = "$(inherited) @executable_path/Frameworks @loader_path/Frameworks";
				PRODUCT_NAME = "$(TARGET_NAME)";
				TEST_HOST = "$(BUILT_PRODUCTS_DIR)/student-life.app/student-life";
			};
			name = Debug;
		};
		00A075BD1A8995AB002532FD /* Release */ = {
			isa = XCBuildConfiguration;
			buildSettings = {
				BUNDLE_LOADER = "$(TEST_HOST)";
				FRAMEWORK_SEARCH_PATHS = "$(inherited)";
				INFOPLIST_FILE = "student-lifeTests/Info.plist";
				LD_RUNPATH_SEARCH_PATHS = "$(inherited) @executable_path/Frameworks @loader_path/Frameworks";
				PRODUCT_NAME = "$(TARGET_NAME)";
				TEST_HOST = "$(BUILT_PRODUCTS_DIR)/student-life.app/student-life";
			};
			name = Release;
		};
/* End XCBuildConfiguration section */

/* Begin XCConfigurationList section */
		00A075901A8995AB002532FD /* Build configuration list for PBXProject "student-life" */ = {
			isa = XCConfigurationList;
			buildConfigurations = (
				00A075B61A8995AB002532FD /* Debug */,
				00A075B71A8995AB002532FD /* Release */,
			);
			defaultConfigurationIsVisible = 0;
			defaultConfigurationName = Release;
		};
		00A075B81A8995AB002532FD /* Build configuration list for PBXNativeTarget "student-life" */ = {
			isa = XCConfigurationList;
			buildConfigurations = (
				00A075B91A8995AB002532FD /* Debug */,
				00A075BA1A8995AB002532FD /* Release */,
			);
			defaultConfigurationIsVisible = 0;
			defaultConfigurationName = Release;
		};
		00A075BB1A8995AB002532FD /* Build configuration list for PBXNativeTarget "student-lifeTests" */ = {
			isa = XCConfigurationList;
			buildConfigurations = (
				00A075BC1A8995AB002532FD /* Debug */,
				00A075BD1A8995AB002532FD /* Release */,
			);
			defaultConfigurationIsVisible = 0;
			defaultConfigurationName = Release;
		};
/* End XCConfigurationList section */
	};
	rootObject = 00A0758D1A8995AB002532FD /* Project object */;
}
