// !$*UTF8*$!
{
	archiveVersion = 1;
	classes = {
	};
	objectVersion = 46;
	objects = {

/* Begin PBXBuildFile section */
		000363311AA96ED200056A03 /* atlas_tile.jpg in Resources */ = {isa = PBXBuildFile; fileRef = 000363301AA96ED200056A03 /* atlas_tile.jpg */; };
		000363331AA975BD00056A03 /* servery_tile.jpg in Resources */ = {isa = PBXBuildFile; fileRef = 000363321AA975BD00056A03 /* servery_tile.jpg */; };
		000363381AA98F8800056A03 /* calendar_tile.jpg in Resources */ = {isa = PBXBuildFile; fileRef = 000363341AA98F8800056A03 /* calendar_tile.jpg */; };
		000363391AA98F8800056A03 /* directory_tile.jpg in Resources */ = {isa = PBXBuildFile; fileRef = 000363351AA98F8800056A03 /* directory_tile.jpg */; };
		0003633A1AA98F8800056A03 /* facilities_tile.jpg in Resources */ = {isa = PBXBuildFile; fileRef = 000363361AA98F8800056A03 /* facilities_tile.jpg */; };
		0003633B1AA98F8800056A03 /* fondren_tile.jpg in Resources */ = {isa = PBXBuildFile; fileRef = 000363371AA98F8800056A03 /* fondren_tile.jpg */; };
		001DD9171AABFB1100A6D758 /* AtlasViewController.m in Sources */ = {isa = PBXBuildFile; fileRef = 001DD9161AABFB1100A6D758 /* AtlasViewController.m */; };
		00251ECB1AAE2C5B00CED150 /* CalendarViewController.m in Sources */ = {isa = PBXBuildFile; fileRef = 00251ECA1AAE2C5B00CED150 /* CalendarViewController.m */; };
		00251ECE1AAE730600CED150 /* Security.framework in Frameworks */ = {isa = PBXBuildFile; fileRef = 00251ECD1AAE730600CED150 /* Security.framework */; };
		00A0759B1A8995AB002532FD /* main.m in Sources */ = {isa = PBXBuildFile; fileRef = 00A0759A1A8995AB002532FD /* main.m */; };
		00A0759E1A8995AB002532FD /* AppDelegate.m in Sources */ = {isa = PBXBuildFile; fileRef = 00A0759D1A8995AB002532FD /* AppDelegate.m */; };
		00A075A11A8995AB002532FD /* HomeViewController.m in Sources */ = {isa = PBXBuildFile; fileRef = 00A075A01A8995AB002532FD /* HomeViewController.m */; };
		00A075A41A8995AB002532FD /* Main.storyboard in Resources */ = {isa = PBXBuildFile; fileRef = 00A075A21A8995AB002532FD /* Main.storyboard */; };
		00A075A61A8995AB002532FD /* Images.xcassets in Resources */ = {isa = PBXBuildFile; fileRef = 00A075A51A8995AB002532FD /* Images.xcassets */; };
		00A075A91A8995AB002532FD /* LaunchScreen.xib in Resources */ = {isa = PBXBuildFile; fileRef = 00A075A71A8995AB002532FD /* LaunchScreen.xib */; };
		00A075B51A8995AB002532FD /* student_lifeTests.m in Sources */ = {isa = PBXBuildFile; fileRef = 00A075B41A8995AB002532FD /* student_lifeTests.m */; };
		00A0F3A31A91963000F05B68 /* header_logo.png in Resources */ = {isa = PBXBuildFile; fileRef = 00A0F3A21A91963000F05B68 /* header_logo.png */; };
		00A0F3A51A919A3500F05B68 /* cover.jpg in Resources */ = {isa = PBXBuildFile; fileRef = 00A0F3A41A919A3500F05B68 /* cover.jpg */; };
		00F5EC161AAD3E4900047D2E /* ServeryViewController.m in Sources */ = {isa = PBXBuildFile; fileRef = 00F5EC151AAD3E4900047D2E /* ServeryViewController.m */; };
<<<<<<< Updated upstream
=======
		00F5EC191AAD479E00047D2E /* CalendarViewController.m in Sources */ = {isa = PBXBuildFile; fileRef = 00F5EC181AAD479E00047D2E /* CalendarViewController.m */; };
		AD240E651AAE776900F3D5B4 /* LoginController.m in Sources */ = {isa = PBXBuildFile; fileRef = AD240E641AAE776900F3D5B4 /* LoginController.m */; };
>>>>>>> Stashed changes
/* End PBXBuildFile section */

/* Begin PBXContainerItemProxy section */
		00A075AF1A8995AB002532FD /* PBXContainerItemProxy */ = {
			isa = PBXContainerItemProxy;
			containerPortal = 00A0758D1A8995AB002532FD /* Project object */;
			proxyType = 1;
			remoteGlobalIDString = 00A075941A8995AB002532FD;
			remoteInfo = "student-life";
		};
/* End PBXContainerItemProxy section */

/* Begin PBXFileReference section */
		000363301AA96ED200056A03 /* atlas_tile.jpg */ = {isa = PBXFileReference; lastKnownFileType = image.jpeg; path = atlas_tile.jpg; sourceTree = "<group>"; };
		000363321AA975BD00056A03 /* servery_tile.jpg */ = {isa = PBXFileReference; lastKnownFileType = image.jpeg; path = servery_tile.jpg; sourceTree = "<group>"; };
		000363341AA98F8800056A03 /* calendar_tile.jpg */ = {isa = PBXFileReference; lastKnownFileType = image.jpeg; path = calendar_tile.jpg; sourceTree = "<group>"; };
		000363351AA98F8800056A03 /* directory_tile.jpg */ = {isa = PBXFileReference; lastKnownFileType = image.jpeg; path = directory_tile.jpg; sourceTree = "<group>"; };
		000363361AA98F8800056A03 /* facilities_tile.jpg */ = {isa = PBXFileReference; lastKnownFileType = image.jpeg; path = facilities_tile.jpg; sourceTree = "<group>"; };
		000363371AA98F8800056A03 /* fondren_tile.jpg */ = {isa = PBXFileReference; lastKnownFileType = image.jpeg; path = fondren_tile.jpg; sourceTree = "<group>"; };
		001DD9151AABFB1100A6D758 /* AtlasViewController.h */ = {isa = PBXFileReference; fileEncoding = 4; lastKnownFileType = sourcecode.c.h; path = AtlasViewController.h; sourceTree = "<group>"; };
		001DD9161AABFB1100A6D758 /* AtlasViewController.m */ = {isa = PBXFileReference; fileEncoding = 4; lastKnownFileType = sourcecode.c.objc; path = AtlasViewController.m; sourceTree = "<group>"; };
		00251EC91AAE2C5B00CED150 /* CalendarViewController.h */ = {isa = PBXFileReference; fileEncoding = 4; lastKnownFileType = sourcecode.c.h; path = CalendarViewController.h; sourceTree = "<group>"; };
		00251ECA1AAE2C5B00CED150 /* CalendarViewController.m */ = {isa = PBXFileReference; fileEncoding = 4; lastKnownFileType = sourcecode.c.objc; path = CalendarViewController.m; sourceTree = "<group>"; };
		00251ECD1AAE730600CED150 /* Security.framework */ = {isa = PBXFileReference; lastKnownFileType = wrapper.framework; name = Security.framework; path = System/Library/Frameworks/Security.framework; sourceTree = SDKROOT; };
		00A075951A8995AB002532FD /* student-life.app */ = {isa = PBXFileReference; explicitFileType = wrapper.application; includeInIndex = 0; path = "student-life.app"; sourceTree = BUILT_PRODUCTS_DIR; };
		00A075991A8995AB002532FD /* Info.plist */ = {isa = PBXFileReference; lastKnownFileType = text.plist.xml; path = Info.plist; sourceTree = "<group>"; };
		00A0759A1A8995AB002532FD /* main.m */ = {isa = PBXFileReference; lastKnownFileType = sourcecode.c.objc; path = main.m; sourceTree = "<group>"; };
		00A0759C1A8995AB002532FD /* AppDelegate.h */ = {isa = PBXFileReference; lastKnownFileType = sourcecode.c.h; path = AppDelegate.h; sourceTree = "<group>"; };
		00A0759D1A8995AB002532FD /* AppDelegate.m */ = {isa = PBXFileReference; lastKnownFileType = sourcecode.c.objc; path = AppDelegate.m; sourceTree = "<group>"; };
		00A0759F1A8995AB002532FD /* HomeViewController.h */ = {isa = PBXFileReference; lastKnownFileType = sourcecode.c.h; path = HomeViewController.h; sourceTree = "<group>"; };
		00A075A01A8995AB002532FD /* HomeViewController.m */ = {isa = PBXFileReference; lastKnownFileType = sourcecode.c.objc; path = HomeViewController.m; sourceTree = "<group>"; };
		00A075A31A8995AB002532FD /* Base */ = {isa = PBXFileReference; lastKnownFileType = file.storyboard; name = Base; path = Base.lproj/Main.storyboard; sourceTree = "<group>"; };
		00A075A51A8995AB002532FD /* Images.xcassets */ = {isa = PBXFileReference; lastKnownFileType = folder.assetcatalog; path = Images.xcassets; sourceTree = "<group>"; };
		00A075A81A8995AB002532FD /* Base */ = {isa = PBXFileReference; lastKnownFileType = file.xib; name = Base; path = Base.lproj/LaunchScreen.xib; sourceTree = "<group>"; };
		00A075AE1A8995AB002532FD /* student-lifeTests.xctest */ = {isa = PBXFileReference; explicitFileType = wrapper.cfbundle; includeInIndex = 0; path = "student-lifeTests.xctest"; sourceTree = BUILT_PRODUCTS_DIR; };
		00A075B31A8995AB002532FD /* Info.plist */ = {isa = PBXFileReference; lastKnownFileType = text.plist.xml; path = Info.plist; sourceTree = "<group>"; };
		00A075B41A8995AB002532FD /* student_lifeTests.m */ = {isa = PBXFileReference; lastKnownFileType = sourcecode.c.objc; path = student_lifeTests.m; sourceTree = "<group>"; };
		00A0F3A21A91963000F05B68 /* header_logo.png */ = {isa = PBXFileReference; lastKnownFileType = image.png; path = header_logo.png; sourceTree = "<group>"; };
		00A0F3A41A919A3500F05B68 /* cover.jpg */ = {isa = PBXFileReference; lastKnownFileType = image.jpeg; path = cover.jpg; sourceTree = "<group>"; };
		00F5EC141AAD3E4900047D2E /* ServeryViewController.h */ = {isa = PBXFileReference; fileEncoding = 4; lastKnownFileType = sourcecode.c.h; path = ServeryViewController.h; sourceTree = "<group>"; };
		00F5EC151AAD3E4900047D2E /* ServeryViewController.m */ = {isa = PBXFileReference; fileEncoding = 4; lastKnownFileType = sourcecode.c.objc; path = ServeryViewController.m; sourceTree = "<group>"; };
<<<<<<< Updated upstream
=======
		00F5EC171AAD479E00047D2E /* CalendarViewController.h */ = {isa = PBXFileReference; fileEncoding = 4; lastKnownFileType = sourcecode.c.h; name = CalendarViewController.h; path = Calendar/CalendarViewController.h; sourceTree = "<group>"; };
		00F5EC181AAD479E00047D2E /* CalendarViewController.m */ = {isa = PBXFileReference; fileEncoding = 4; lastKnownFileType = sourcecode.c.objc; name = CalendarViewController.m; path = Calendar/CalendarViewController.m; sourceTree = "<group>"; };
		AD240E631AAE776900F3D5B4 /* LoginController.h */ = {isa = PBXFileReference; fileEncoding = 4; lastKnownFileType = sourcecode.c.h; path = LoginController.h; sourceTree = "<group>"; };
		AD240E641AAE776900F3D5B4 /* LoginController.m */ = {isa = PBXFileReference; fileEncoding = 4; lastKnownFileType = sourcecode.c.objc; path = LoginController.m; sourceTree = "<group>"; };
>>>>>>> Stashed changes
/* End PBXFileReference section */

/* Begin PBXFrameworksBuildPhase section */
		00A075921A8995AB002532FD /* Frameworks */ = {
			isa = PBXFrameworksBuildPhase;
			buildActionMask = 2147483647;
			files = (
				00251ECE1AAE730600CED150 /* Security.framework in Frameworks */,
			);
			runOnlyForDeploymentPostprocessing = 0;
		};
		00A075AB1A8995AB002532FD /* Frameworks */ = {
			isa = PBXFrameworksBuildPhase;
			buildActionMask = 2147483647;
			files = (
			);
			runOnlyForDeploymentPostprocessing = 0;
		};
/* End PBXFrameworksBuildPhase section */

/* Begin PBXGroup section */
		00251ECF1AAE731900CED150 /* Frameworks */ = {
			isa = PBXGroup;
			children = (
				00251ECD1AAE730600CED150 /* Security.framework */,
			);
			name = Frameworks;
			sourceTree = "<group>";
		};
		00A0758C1A8995AB002532FD = {
			isa = PBXGroup;
			children = (
				00A075971A8995AB002532FD /* Target Files */,
				00A075B11A8995AB002532FD /* student-lifeTests */,
				00A075961A8995AB002532FD /* Products */,
				00251ECF1AAE731900CED150 /* Frameworks */,
			);
			sourceTree = "<group>";
		};
		00A075961A8995AB002532FD /* Products */ = {
			isa = PBXGroup;
			children = (
				00A075951A8995AB002532FD /* student-life.app */,
				00A075AE1A8995AB002532FD /* student-lifeTests.xctest */,
			);
			name = Products;
			sourceTree = "<group>";
		};
		00A075971A8995AB002532FD /* Target Files */ = {
			isa = PBXGroup;
			children = (
				AD240E631AAE776900F3D5B4 /* LoginController.h */,
				AD240E641AAE776900F3D5B4 /* LoginController.m */,
				00A0759C1A8995AB002532FD /* AppDelegate.h */,
				00A0759D1A8995AB002532FD /* AppDelegate.m */,
				00A0759F1A8995AB002532FD /* HomeViewController.h */,
				00A075A01A8995AB002532FD /* HomeViewController.m */,
				001DD9151AABFB1100A6D758 /* AtlasViewController.h */,
				001DD9161AABFB1100A6D758 /* AtlasViewController.m */,
				00A075A21A8995AB002532FD /* Main.storyboard */,
				00251EC91AAE2C5B00CED150 /* CalendarViewController.h */,
				00251ECA1AAE2C5B00CED150 /* CalendarViewController.m */,
				00F5EC141AAD3E4900047D2E /* ServeryViewController.h */,
				00F5EC151AAD3E4900047D2E /* ServeryViewController.m */,
				00A075A51A8995AB002532FD /* Images.xcassets */,
				00A0F3A11A91963000F05B68 /* Images */,
				00A075A71A8995AB002532FD /* LaunchScreen.xib */,
				00A075981A8995AB002532FD /* Supporting Files */,
			);
			name = "Target Files";
			path = "student-life";
			sourceTree = "<group>";
		};
		00A075981A8995AB002532FD /* Supporting Files */ = {
			isa = PBXGroup;
			children = (
				00A075991A8995AB002532FD /* Info.plist */,
				00A0759A1A8995AB002532FD /* main.m */,
			);
			name = "Supporting Files";
			sourceTree = "<group>";
		};
		00A075B11A8995AB002532FD /* student-lifeTests */ = {
			isa = PBXGroup;
			children = (
				00A075B41A8995AB002532FD /* student_lifeTests.m */,
				00A075B21A8995AB002532FD /* Supporting Files */,
			);
			path = "student-lifeTests";
			sourceTree = "<group>";
		};
		00A075B21A8995AB002532FD /* Supporting Files */ = {
			isa = PBXGroup;
			children = (
				00A075B31A8995AB002532FD /* Info.plist */,
			);
			name = "Supporting Files";
			sourceTree = "<group>";
		};
		00A0F3A11A91963000F05B68 /* Images */ = {
			isa = PBXGroup;
			children = (
				000363341AA98F8800056A03 /* calendar_tile.jpg */,
				000363351AA98F8800056A03 /* directory_tile.jpg */,
				000363361AA98F8800056A03 /* facilities_tile.jpg */,
				000363371AA98F8800056A03 /* fondren_tile.jpg */,
				000363321AA975BD00056A03 /* servery_tile.jpg */,
				000363301AA96ED200056A03 /* atlas_tile.jpg */,
				00A0F3A41A919A3500F05B68 /* cover.jpg */,
				00A0F3A21A91963000F05B68 /* header_logo.png */,
			);
			path = Images;
			sourceTree = "<group>";
		};
/* End PBXGroup section */

/* Begin PBXNativeTarget section */
		00A075941A8995AB002532FD /* student-life */ = {
			isa = PBXNativeTarget;
			buildConfigurationList = 00A075B81A8995AB002532FD /* Build configuration list for PBXNativeTarget "student-life" */;
			buildPhases = (
				00A075911A8995AB002532FD /* Sources */,
				00A075921A8995AB002532FD /* Frameworks */,
				00A075931A8995AB002532FD /* Resources */,
			);
			buildRules = (
			);
			dependencies = (
			);
			name = "student-life";
			productName = "student-life";
			productReference = 00A075951A8995AB002532FD /* student-life.app */;
			productType = "com.apple.product-type.application";
		};
		00A075AD1A8995AB002532FD /* student-lifeTests */ = {
			isa = PBXNativeTarget;
			buildConfigurationList = 00A075BB1A8995AB002532FD /* Build configuration list for PBXNativeTarget "student-lifeTests" */;
			buildPhases = (
				00A075AA1A8995AB002532FD /* Sources */,
				00A075AB1A8995AB002532FD /* Frameworks */,
				00A075AC1A8995AB002532FD /* Resources */,
			);
			buildRules = (
			);
			dependencies = (
				00A075B01A8995AB002532FD /* PBXTargetDependency */,
			);
			name = "student-lifeTests";
			productName = "student-lifeTests";
			productReference = 00A075AE1A8995AB002532FD /* student-lifeTests.xctest */;
			productType = "com.apple.product-type.bundle.unit-test";
		};
/* End PBXNativeTarget section */

/* Begin PBXProject section */
		00A0758D1A8995AB002532FD /* Project object */ = {
			isa = PBXProject;
			attributes = {
				LastUpgradeCheck = 0610;
				ORGANIZATIONNAME = "Jeffrey Xiong";
				TargetAttributes = {
					00A075941A8995AB002532FD = {
						CreatedOnToolsVersion = 6.1.1;
					};
					00A075AD1A8995AB002532FD = {
						CreatedOnToolsVersion = 6.1.1;
						TestTargetID = 00A075941A8995AB002532FD;
					};
				};
			};
			buildConfigurationList = 00A075901A8995AB002532FD /* Build configuration list for PBXProject "student-life" */;
			compatibilityVersion = "Xcode 3.2";
			developmentRegion = English;
			hasScannedForEncodings = 0;
			knownRegions = (
				en,
				Base,
			);
			mainGroup = 00A0758C1A8995AB002532FD;
			productRefGroup = 00A075961A8995AB002532FD /* Products */;
			projectDirPath = "";
			projectRoot = "";
			targets = (
				00A075941A8995AB002532FD /* student-life */,
				00A075AD1A8995AB002532FD /* student-lifeTests */,
			);
		};
/* End PBXProject section */

/* Begin PBXResourcesBuildPhase section */
		00A075931A8995AB002532FD /* Resources */ = {
			isa = PBXResourcesBuildPhase;
			buildActionMask = 2147483647;
			files = (
				0003633A1AA98F8800056A03 /* facilities_tile.jpg in Resources */,
				00A075A41A8995AB002532FD /* Main.storyboard in Resources */,
				000363391AA98F8800056A03 /* directory_tile.jpg in Resources */,
				00A075A91A8995AB002532FD /* LaunchScreen.xib in Resources */,
				00A0F3A51A919A3500F05B68 /* cover.jpg in Resources */,
				00A075A61A8995AB002532FD /* Images.xcassets in Resources */,
				000363331AA975BD00056A03 /* servery_tile.jpg in Resources */,
				0003633B1AA98F8800056A03 /* fondren_tile.jpg in Resources */,
				00A0F3A31A91963000F05B68 /* header_logo.png in Resources */,
				000363311AA96ED200056A03 /* atlas_tile.jpg in Resources */,
				000363381AA98F8800056A03 /* calendar_tile.jpg in Resources */,
			);
			runOnlyForDeploymentPostprocessing = 0;
		};
		00A075AC1A8995AB002532FD /* Resources */ = {
			isa = PBXResourcesBuildPhase;
			buildActionMask = 2147483647;
			files = (
			);
			runOnlyForDeploymentPostprocessing = 0;
		};
/* End PBXResourcesBuildPhase section */

/* Begin PBXSourcesBuildPhase section */
		00A075911A8995AB002532FD /* Sources */ = {
			isa = PBXSourcesBuildPhase;
			buildActionMask = 2147483647;
			files = (
				AD240E651AAE776900F3D5B4 /* LoginController.m in Sources */,
				001DD9171AABFB1100A6D758 /* AtlasViewController.m in Sources */,
				00A075A11A8995AB002532FD /* HomeViewController.m in Sources */,
				00F5EC161AAD3E4900047D2E /* ServeryViewController.m in Sources */,
				00A0759E1A8995AB002532FD /* AppDelegate.m in Sources */,
				00251ECB1AAE2C5B00CED150 /* CalendarViewController.m in Sources */,
				00A0759B1A8995AB002532FD /* main.m in Sources */,
			);
			runOnlyForDeploymentPostprocessing = 0;
		};
		00A075AA1A8995AB002532FD /* Sources */ = {
			isa = PBXSourcesBuildPhase;
			buildActionMask = 2147483647;
			files = (
				00A075B51A8995AB002532FD /* student_lifeTests.m in Sources */,
			);
			runOnlyForDeploymentPostprocessing = 0;
		};
/* End PBXSourcesBuildPhase section */

/* Begin PBXTargetDependency section */
		00A075B01A8995AB002532FD /* PBXTargetDependency */ = {
			isa = PBXTargetDependency;
			target = 00A075941A8995AB002532FD /* student-life */;
			targetProxy = 00A075AF1A8995AB002532FD /* PBXContainerItemProxy */;
		};
/* End PBXTargetDependency section */

/* Begin PBXVariantGroup section */
		00A075A21A8995AB002532FD /* Main.storyboard */ = {
			isa = PBXVariantGroup;
			children = (
				00A075A31A8995AB002532FD /* Base */,
			);
			name = Main.storyboard;
			sourceTree = "<group>";
		};
		00A075A71A8995AB002532FD /* LaunchScreen.xib */ = {
			isa = PBXVariantGroup;
			children = (
				00A075A81A8995AB002532FD /* Base */,
			);
			name = LaunchScreen.xib;
			sourceTree = "<group>";
		};
/* End PBXVariantGroup section */

/* Begin XCBuildConfiguration section */
		00A075B61A8995AB002532FD /* Debug */ = {
			isa = XCBuildConfiguration;
			buildSettings = {
				ALWAYS_SEARCH_USER_PATHS = NO;
				CLANG_CXX_LANGUAGE_STANDARD = "gnu++0x";
				CLANG_CXX_LIBRARY = "libc++";
				CLANG_ENABLE_MODULES = YES;
				CLANG_ENABLE_OBJC_ARC = YES;
				CLANG_WARN_BOOL_CONVERSION = YES;
				CLANG_WARN_CONSTANT_CONVERSION = YES;
				CLANG_WARN_DIRECT_OBJC_ISA_USAGE = YES_ERROR;
				CLANG_WARN_EMPTY_BODY = YES;
				CLANG_WARN_ENUM_CONVERSION = YES;
				CLANG_WARN_INT_CONVERSION = YES;
				CLANG_WARN_OBJC_ROOT_CLASS = YES_ERROR;
				CLANG_WARN_UNREACHABLE_CODE = YES;
				CLANG_WARN__DUPLICATE_METHOD_MATCH = YES;
				"CODE_SIGN_IDENTITY[sdk=iphoneos*]" = "iPhone Developer";
				COPY_PHASE_STRIP = NO;
				ENABLE_STRICT_OBJC_MSGSEND = YES;
				GCC_C_LANGUAGE_STANDARD = gnu99;
				GCC_DYNAMIC_NO_PIC = NO;
				GCC_OPTIMIZATION_LEVEL = 0;
				GCC_PREPROCESSOR_DEFINITIONS = (
					"DEBUG=1",
					"$(inherited)",
				);
				GCC_SYMBOLS_PRIVATE_EXTERN = NO;
				GCC_WARN_64_TO_32_BIT_CONVERSION = YES;
				GCC_WARN_ABOUT_RETURN_TYPE = YES_ERROR;
				GCC_WARN_UNDECLARED_SELECTOR = YES;
				GCC_WARN_UNINITIALIZED_AUTOS = YES_AGGRESSIVE;
				GCC_WARN_UNUSED_FUNCTION = YES;
				GCC_WARN_UNUSED_VARIABLE = YES;
				IPHONEOS_DEPLOYMENT_TARGET = 8.1;
				MTL_ENABLE_DEBUG_INFO = YES;
				ONLY_ACTIVE_ARCH = YES;
				SDKROOT = iphoneos;
			};
			name = Debug;
		};
		00A075B71A8995AB002532FD /* Release */ = {
			isa = XCBuildConfiguration;
			buildSettings = {
				ALWAYS_SEARCH_USER_PATHS = NO;
				CLANG_CXX_LANGUAGE_STANDARD = "gnu++0x";
				CLANG_CXX_LIBRARY = "libc++";
				CLANG_ENABLE_MODULES = YES;
				CLANG_ENABLE_OBJC_ARC = YES;
				CLANG_WARN_BOOL_CONVERSION = YES;
				CLANG_WARN_CONSTANT_CONVERSION = YES;
				CLANG_WARN_DIRECT_OBJC_ISA_USAGE = YES_ERROR;
				CLANG_WARN_EMPTY_BODY = YES;
				CLANG_WARN_ENUM_CONVERSION = YES;
				CLANG_WARN_INT_CONVERSION = YES;
				CLANG_WARN_OBJC_ROOT_CLASS = YES_ERROR;
				CLANG_WARN_UNREACHABLE_CODE = YES;
				CLANG_WARN__DUPLICATE_METHOD_MATCH = YES;
				"CODE_SIGN_IDENTITY[sdk=iphoneos*]" = "iPhone Developer";
				COPY_PHASE_STRIP = YES;
				ENABLE_NS_ASSERTIONS = NO;
				ENABLE_STRICT_OBJC_MSGSEND = YES;
				GCC_C_LANGUAGE_STANDARD = gnu99;
				GCC_WARN_64_TO_32_BIT_CONVERSION = YES;
				GCC_WARN_ABOUT_RETURN_TYPE = YES_ERROR;
				GCC_WARN_UNDECLARED_SELECTOR = YES;
				GCC_WARN_UNINITIALIZED_AUTOS = YES_AGGRESSIVE;
				GCC_WARN_UNUSED_FUNCTION = YES;
				GCC_WARN_UNUSED_VARIABLE = YES;
				IPHONEOS_DEPLOYMENT_TARGET = 8.1;
				MTL_ENABLE_DEBUG_INFO = NO;
				SDKROOT = iphoneos;
				VALIDATE_PRODUCT = YES;
			};
			name = Release;
		};
		00A075B91A8995AB002532FD /* Debug */ = {
			isa = XCBuildConfiguration;
			buildSettings = {
				ASSETCATALOG_COMPILER_APPICON_NAME = AppIcon;
				FRAMEWORK_SEARCH_PATHS = (
					"$(inherited)",
					"$(USER_LIBRARY_DIR)/Developer/Xcode/DerivedData/GTL-fvbhnqpelgpjrqejxxjyifihhhiy/Build/Products/Debug",
				);
				INFOPLIST_FILE = "student-life/Info.plist";
				LD_RUNPATH_SEARCH_PATHS = "$(inherited) @executable_path/Frameworks";
				PRODUCT_NAME = "$(TARGET_NAME)";
			};
			name = Debug;
		};
		00A075BA1A8995AB002532FD /* Release */ = {
			isa = XCBuildConfiguration;
			buildSettings = {
				ASSETCATALOG_COMPILER_APPICON_NAME = AppIcon;
				FRAMEWORK_SEARCH_PATHS = (
					"$(inherited)",
					"$(USER_LIBRARY_DIR)/Developer/Xcode/DerivedData/GTL-fvbhnqpelgpjrqejxxjyifihhhiy/Build/Products/Debug",
				);
				INFOPLIST_FILE = "student-life/Info.plist";
				LD_RUNPATH_SEARCH_PATHS = "$(inherited) @executable_path/Frameworks";
				PRODUCT_NAME = "$(TARGET_NAME)";
			};
			name = Release;
		};
		00A075BC1A8995AB002532FD /* Debug */ = {
			isa = XCBuildConfiguration;
			buildSettings = {
				BUNDLE_LOADER = "$(TEST_HOST)";
				FRAMEWORK_SEARCH_PATHS = (
					"$(SDKROOT)/Developer/Library/Frameworks",
					"$(inherited)",
				);
				GCC_PREPROCESSOR_DEFINITIONS = (
					"DEBUG=1",
					"$(inherited)",
				);
				INFOPLIST_FILE = "student-lifeTests/Info.plist";
				LD_RUNPATH_SEARCH_PATHS = "$(inherited) @executable_path/Frameworks @loader_path/Frameworks";
				PRODUCT_NAME = "$(TARGET_NAME)";
				TEST_HOST = "$(BUILT_PRODUCTS_DIR)/student-life.app/student-life";
			};
			name = Debug;
		};
		00A075BD1A8995AB002532FD /* Release */ = {
			isa = XCBuildConfiguration;
			buildSettings = {
				BUNDLE_LOADER = "$(TEST_HOST)";
				FRAMEWORK_SEARCH_PATHS = (
					"$(SDKROOT)/Developer/Library/Frameworks",
					"$(inherited)",
				);
				INFOPLIST_FILE = "student-lifeTests/Info.plist";
				LD_RUNPATH_SEARCH_PATHS = "$(inherited) @executable_path/Frameworks @loader_path/Frameworks";
				PRODUCT_NAME = "$(TARGET_NAME)";
				TEST_HOST = "$(BUILT_PRODUCTS_DIR)/student-life.app/student-life";
			};
			name = Release;
		};
/* End XCBuildConfiguration section */

/* Begin XCConfigurationList section */
		00A075901A8995AB002532FD /* Build configuration list for PBXProject "student-life" */ = {
			isa = XCConfigurationList;
			buildConfigurations = (
				00A075B61A8995AB002532FD /* Debug */,
				00A075B71A8995AB002532FD /* Release */,
			);
			defaultConfigurationIsVisible = 0;
			defaultConfigurationName = Release;
		};
		00A075B81A8995AB002532FD /* Build configuration list for PBXNativeTarget "student-life" */ = {
			isa = XCConfigurationList;
			buildConfigurations = (
				00A075B91A8995AB002532FD /* Debug */,
				00A075BA1A8995AB002532FD /* Release */,
			);
			defaultConfigurationIsVisible = 0;
			defaultConfigurationName = Release;
		};
		00A075BB1A8995AB002532FD /* Build configuration list for PBXNativeTarget "student-lifeTests" */ = {
			isa = XCConfigurationList;
			buildConfigurations = (
				00A075BC1A8995AB002532FD /* Debug */,
				00A075BD1A8995AB002532FD /* Release */,
			);
			defaultConfigurationIsVisible = 0;
			defaultConfigurationName = Release;
		};
/* End XCConfigurationList section */
	};
	rootObject = 00A0758D1A8995AB002532FD /* Project object */;
}
