// !$*UTF8*$!
{
	archiveVersion = 1;
	classes = {
	};
	objectVersion = 46;
	objects = {

/* Begin PBXBuildFile section */
		00204F291BA64C4500EDCF0C /* CalendarTableViewController.swift in Sources */ = {isa = PBXBuildFile; fileRef = 00204F281BA64C4500EDCF0C /* CalendarTableViewController.swift */; };
		003247A51B9E3292009C3A9A /* atlas_tile.jpg in Resources */ = {isa = PBXBuildFile; fileRef = 0032479D1B9E3292009C3A9A /* atlas_tile.jpg */; };
		003247A61B9E3292009C3A9A /* calendar_tile.jpg in Resources */ = {isa = PBXBuildFile; fileRef = 0032479E1B9E3292009C3A9A /* calendar_tile.jpg */; };
		003247A71B9E3292009C3A9A /* cover.jpg in Resources */ = {isa = PBXBuildFile; fileRef = 0032479F1B9E3292009C3A9A /* cover.jpg */; };
		003247A81B9E3292009C3A9A /* directory_tile.jpg in Resources */ = {isa = PBXBuildFile; fileRef = 003247A01B9E3292009C3A9A /* directory_tile.jpg */; };
		003247A91B9E3292009C3A9A /* facilities_tile.jpg in Resources */ = {isa = PBXBuildFile; fileRef = 003247A11B9E3292009C3A9A /* facilities_tile.jpg */; };
		003247AA1B9E3292009C3A9A /* fondren_tile.jpg in Resources */ = {isa = PBXBuildFile; fileRef = 003247A21B9E3292009C3A9A /* fondren_tile.jpg */; };
		003247AB1B9E3292009C3A9A /* header_logo.png in Resources */ = {isa = PBXBuildFile; fileRef = 003247A31B9E3292009C3A9A /* header_logo.png */; };
		003247AC1B9E3292009C3A9A /* servery_tile.jpg in Resources */ = {isa = PBXBuildFile; fileRef = 003247A41B9E3292009C3A9A /* servery_tile.jpg */; };
		00394A811B9E26B000ACD771 /* AppDelegate.swift in Sources */ = {isa = PBXBuildFile; fileRef = 00394A801B9E26B000ACD771 /* AppDelegate.swift */; };
		00394A831B9E26B000ACD771 /* MainViewController.swift in Sources */ = {isa = PBXBuildFile; fileRef = 00394A821B9E26B000ACD771 /* MainViewController.swift */; };
		00394A861B9E26B000ACD771 /* Main.storyboard in Resources */ = {isa = PBXBuildFile; fileRef = 00394A841B9E26B000ACD771 /* Main.storyboard */; };
		00394A881B9E26B000ACD771 /* Images.xcassets in Resources */ = {isa = PBXBuildFile; fileRef = 00394A871B9E26B000ACD771 /* Images.xcassets */; };
		00394A8B1B9E26B000ACD771 /* LaunchScreen.xib in Resources */ = {isa = PBXBuildFile; fileRef = 00394A891B9E26B000ACD771 /* LaunchScreen.xib */; };
		00394A971B9E26B100ACD771 /* Rice_MobileTests.swift in Sources */ = {isa = PBXBuildFile; fileRef = 00394A961B9E26B100ACD771 /* Rice_MobileTests.swift */; };
		4FF563411BAA5CD4009E43DB /* DirectoryViewController.swift in Sources */ = {isa = PBXBuildFile; fileRef = 4FF563401BAA5CD4009E43DB /* DirectoryViewController.swift */; };
		4FFFA6871B9E293F0058FE9D /* FacilitiesTableViewController.swift in Sources */ = {isa = PBXBuildFile; fileRef = 4FFFA6861B9E293F0058FE9D /* FacilitiesTableViewController.swift */; };
/* End PBXBuildFile section */

/* Begin PBXContainerItemProxy section */
		00394A911B9E26B100ACD771 /* PBXContainerItemProxy */ = {
			isa = PBXContainerItemProxy;
			containerPortal = 00394A731B9E26B000ACD771 /* Project object */;
			proxyType = 1;
			remoteGlobalIDString = 00394A7A1B9E26B000ACD771;
			remoteInfo = "Rice Mobile";
		};
/* End PBXContainerItemProxy section */

/* Begin PBXFileReference section */
		00204F281BA64C4500EDCF0C /* CalendarTableViewController.swift */ = {isa = PBXFileReference; fileEncoding = 4; lastKnownFileType = sourcecode.swift; name = CalendarTableViewController.swift; path = ../CalendarTableViewController.swift; sourceTree = "<group>"; };
		0032479D1B9E3292009C3A9A /* atlas_tile.jpg */ = {isa = PBXFileReference; lastKnownFileType = image.jpeg; name = atlas_tile.jpg; path = "Rice Mobile/Images/atlas_tile.jpg"; sourceTree = "<group>"; };
		0032479E1B9E3292009C3A9A /* calendar_tile.jpg */ = {isa = PBXFileReference; lastKnownFileType = image.jpeg; name = calendar_tile.jpg; path = "Rice Mobile/Images/calendar_tile.jpg"; sourceTree = "<group>"; };
		0032479F1B9E3292009C3A9A /* cover.jpg */ = {isa = PBXFileReference; lastKnownFileType = image.jpeg; name = cover.jpg; path = "Rice Mobile/Images/cover.jpg"; sourceTree = "<group>"; };
		003247A01B9E3292009C3A9A /* directory_tile.jpg */ = {isa = PBXFileReference; lastKnownFileType = image.jpeg; name = directory_tile.jpg; path = "Rice Mobile/Images/directory_tile.jpg"; sourceTree = "<group>"; };
		003247A11B9E3292009C3A9A /* facilities_tile.jpg */ = {isa = PBXFileReference; lastKnownFileType = image.jpeg; name = facilities_tile.jpg; path = "Rice Mobile/Images/facilities_tile.jpg"; sourceTree = "<group>"; };
		003247A21B9E3292009C3A9A /* fondren_tile.jpg */ = {isa = PBXFileReference; lastKnownFileType = image.jpeg; name = fondren_tile.jpg; path = "Rice Mobile/Images/fondren_tile.jpg"; sourceTree = "<group>"; };
		003247A31B9E3292009C3A9A /* header_logo.png */ = {isa = PBXFileReference; lastKnownFileType = image.png; name = header_logo.png; path = "Rice Mobile/Images/header_logo.png"; sourceTree = "<group>"; };
		003247A41B9E3292009C3A9A /* servery_tile.jpg */ = {isa = PBXFileReference; lastKnownFileType = image.jpeg; name = servery_tile.jpg; path = "Rice Mobile/Images/servery_tile.jpg"; sourceTree = "<group>"; };
		00394A7B1B9E26B000ACD771 /* Rice Mobile.app */ = {isa = PBXFileReference; explicitFileType = wrapper.application; includeInIndex = 0; path = "Rice Mobile.app"; sourceTree = BUILT_PRODUCTS_DIR; };
		00394A7F1B9E26B000ACD771 /* Info.plist */ = {isa = PBXFileReference; lastKnownFileType = text.plist.xml; path = Info.plist; sourceTree = "<group>"; };
		00394A801B9E26B000ACD771 /* AppDelegate.swift */ = {isa = PBXFileReference; lastKnownFileType = sourcecode.swift; path = AppDelegate.swift; sourceTree = "<group>"; };
		00394A821B9E26B000ACD771 /* MainViewController.swift */ = {isa = PBXFileReference; lastKnownFileType = sourcecode.swift; path = MainViewController.swift; sourceTree = "<group>"; };
		00394A851B9E26B000ACD771 /* Base */ = {isa = PBXFileReference; lastKnownFileType = file.storyboard; name = Base; path = Base.lproj/Main.storyboard; sourceTree = "<group>"; };
		00394A871B9E26B000ACD771 /* Images.xcassets */ = {isa = PBXFileReference; lastKnownFileType = folder.assetcatalog; path = Images.xcassets; sourceTree = "<group>"; };
		00394A8A1B9E26B000ACD771 /* Base */ = {isa = PBXFileReference; lastKnownFileType = file.xib; name = Base; path = Base.lproj/LaunchScreen.xib; sourceTree = "<group>"; };
		00394A901B9E26B100ACD771 /* Rice MobileTests.xctest */ = {isa = PBXFileReference; explicitFileType = wrapper.cfbundle; includeInIndex = 0; path = "Rice MobileTests.xctest"; sourceTree = BUILT_PRODUCTS_DIR; };
		00394A951B9E26B100ACD771 /* Info.plist */ = {isa = PBXFileReference; lastKnownFileType = text.plist.xml; path = Info.plist; sourceTree = "<group>"; };
		00394A961B9E26B100ACD771 /* Rice_MobileTests.swift */ = {isa = PBXFileReference; lastKnownFileType = sourcecode.swift; path = Rice_MobileTests.swift; sourceTree = "<group>"; };
		4FF563401BAA5CD4009E43DB /* DirectoryViewController.swift */ = {isa = PBXFileReference; fileEncoding = 4; lastKnownFileType = sourcecode.swift; path = DirectoryViewController.swift; sourceTree = "<group>"; };
		4FFFA6861B9E293F0058FE9D /* FacilitiesTableViewController.swift */ = {isa = PBXFileReference; fileEncoding = 4; lastKnownFileType = sourcecode.swift; path = FacilitiesTableViewController.swift; sourceTree = "<group>"; };
/* End PBXFileReference section */

/* Begin PBXFrameworksBuildPhase section */
		00394A781B9E26B000ACD771 /* Frameworks */ = {
			isa = PBXFrameworksBuildPhase;
			buildActionMask = 2147483647;
			files = (
			);
			runOnlyForDeploymentPostprocessing = 0;
		};
		00394A8D1B9E26B100ACD771 /* Frameworks */ = {
			isa = PBXFrameworksBuildPhase;
			buildActionMask = 2147483647;
			files = (
			);
			runOnlyForDeploymentPostprocessing = 0;
		};
/* End PBXFrameworksBuildPhase section */

/* Begin PBXGroup section */
		003247AD1B9E3299009C3A9A /* Images */ = {
			isa = PBXGroup;
			children = (
				0032479D1B9E3292009C3A9A /* atlas_tile.jpg */,
				0032479E1B9E3292009C3A9A /* calendar_tile.jpg */,
				0032479F1B9E3292009C3A9A /* cover.jpg */,
				003247A01B9E3292009C3A9A /* directory_tile.jpg */,
				003247A11B9E3292009C3A9A /* facilities_tile.jpg */,
				003247A21B9E3292009C3A9A /* fondren_tile.jpg */,
				003247A31B9E3292009C3A9A /* header_logo.png */,
				003247A41B9E3292009C3A9A /* servery_tile.jpg */,
			);
			name = Images;
			path = ..;
			sourceTree = "<group>";
		};
		00394A721B9E26B000ACD771 = {
			isa = PBXGroup;
			children = (
				00394A7D1B9E26B000ACD771 /* Rice Mobile */,
				00394A931B9E26B100ACD771 /* Rice MobileTests */,
				00394A7C1B9E26B000ACD771 /* Products */,
			);
			sourceTree = "<group>";
		};
		00394A7C1B9E26B000ACD771 /* Products */ = {
			isa = PBXGroup;
			children = (
				00394A7B1B9E26B000ACD771 /* Rice Mobile.app */,
				00394A901B9E26B100ACD771 /* Rice MobileTests.xctest */,
			);
			name = Products;
			sourceTree = "<group>";
		};
		00394A7D1B9E26B000ACD771 /* Rice Mobile */ = {
			isa = PBXGroup;
			children = (
				00204F281BA64C4500EDCF0C /* CalendarTableViewController.swift */,
				4FFFA6861B9E293F0058FE9D /* FacilitiesTableViewController.swift */,
				00394A801B9E26B000ACD771 /* AppDelegate.swift */,
				4FF563401BAA5CD4009E43DB /* DirectoryViewController.swift */,
				00394A821B9E26B000ACD771 /* MainViewController.swift */,
				00394A841B9E26B000ACD771 /* Main.storyboard */,
				00394A871B9E26B000ACD771 /* Images.xcassets */,
				00394A891B9E26B000ACD771 /* LaunchScreen.xib */,
				003247AD1B9E3299009C3A9A /* Images */,
				00394A7E1B9E26B000ACD771 /* Supporting Files */,
			);
			path = "Rice Mobile";
			sourceTree = "<group>";
		};
		00394A7E1B9E26B000ACD771 /* Supporting Files */ = {
			isa = PBXGroup;
			children = (
				00394A7F1B9E26B000ACD771 /* Info.plist */,
			);
			name = "Supporting Files";
			sourceTree = "<group>";
		};
		00394A931B9E26B100ACD771 /* Rice MobileTests */ = {
			isa = PBXGroup;
			children = (
				00394A961B9E26B100ACD771 /* Rice_MobileTests.swift */,
				00394A941B9E26B100ACD771 /* Supporting Files */,
			);
			path = "Rice MobileTests";
			sourceTree = "<group>";
		};
		00394A941B9E26B100ACD771 /* Supporting Files */ = {
			isa = PBXGroup;
			children = (
				00394A951B9E26B100ACD771 /* Info.plist */,
			);
			name = "Supporting Files";
			sourceTree = "<group>";
		};
/* End PBXGroup section */

/* Begin PBXNativeTarget section */
		00394A7A1B9E26B000ACD771 /* Rice Mobile */ = {
			isa = PBXNativeTarget;
			buildConfigurationList = 00394A9A1B9E26B100ACD771 /* Build configuration list for PBXNativeTarget "Rice Mobile" */;
			buildPhases = (
				00394A771B9E26B000ACD771 /* Sources */,
				00394A781B9E26B000ACD771 /* Frameworks */,
				00394A791B9E26B000ACD771 /* Resources */,
			);
			buildRules = (
			);
			dependencies = (
			);
			name = "Rice Mobile";
			productName = "Rice Mobile";
			productReference = 00394A7B1B9E26B000ACD771 /* Rice Mobile.app */;
			productType = "com.apple.product-type.application";
		};
		00394A8F1B9E26B100ACD771 /* Rice MobileTests */ = {
			isa = PBXNativeTarget;
			buildConfigurationList = 00394A9D1B9E26B100ACD771 /* Build configuration list for PBXNativeTarget "Rice MobileTests" */;
			buildPhases = (
				00394A8C1B9E26B100ACD771 /* Sources */,
				00394A8D1B9E26B100ACD771 /* Frameworks */,
				00394A8E1B9E26B100ACD771 /* Resources */,
			);
			buildRules = (
			);
			dependencies = (
				00394A921B9E26B100ACD771 /* PBXTargetDependency */,
			);
			name = "Rice MobileTests";
			productName = "Rice MobileTests";
			productReference = 00394A901B9E26B100ACD771 /* Rice MobileTests.xctest */;
			productType = "com.apple.product-type.bundle.unit-test";
		};
/* End PBXNativeTarget section */

/* Begin PBXProject section */
		00394A731B9E26B000ACD771 /* Project object */ = {
			isa = PBXProject;
			attributes = {
				LastSwiftMigration = 0700;
				LastSwiftUpdateCheck = 0700;
				LastUpgradeCheck = 0640;
				ORGANIZATIONNAME = "Jeffrey Xiong";
				TargetAttributes = {
					00394A7A1B9E26B000ACD771 = {
						CreatedOnToolsVersion = 6.4;
					};
					00394A8F1B9E26B100ACD771 = {
						CreatedOnToolsVersion = 6.4;
						TestTargetID = 00394A7A1B9E26B000ACD771;
					};
				};
			};
			buildConfigurationList = 00394A761B9E26B000ACD771 /* Build configuration list for PBXProject "Rice Mobile" */;
			compatibilityVersion = "Xcode 3.2";
			developmentRegion = English;
			hasScannedForEncodings = 0;
			knownRegions = (
				en,
				Base,
			);
			mainGroup = 00394A721B9E26B000ACD771;
			productRefGroup = 00394A7C1B9E26B000ACD771 /* Products */;
			projectDirPath = "";
			projectRoot = "";
			targets = (
				00394A7A1B9E26B000ACD771 /* Rice Mobile */,
				00394A8F1B9E26B100ACD771 /* Rice MobileTests */,
			);
		};
/* End PBXProject section */

/* Begin PBXResourcesBuildPhase section */
		00394A791B9E26B000ACD771 /* Resources */ = {
			isa = PBXResourcesBuildPhase;
			buildActionMask = 2147483647;
			files = (
				003247AA1B9E3292009C3A9A /* fondren_tile.jpg in Resources */,
				00394A861B9E26B000ACD771 /* Main.storyboard in Resources */,
				00394A8B1B9E26B000ACD771 /* LaunchScreen.xib in Resources */,
				003247A81B9E3292009C3A9A /* directory_tile.jpg in Resources */,
				003247A61B9E3292009C3A9A /* calendar_tile.jpg in Resources */,
				003247A91B9E3292009C3A9A /* facilities_tile.jpg in Resources */,
				003247A71B9E3292009C3A9A /* cover.jpg in Resources */,
				00394A881B9E26B000ACD771 /* Images.xcassets in Resources */,
				003247A51B9E3292009C3A9A /* atlas_tile.jpg in Resources */,
				003247AB1B9E3292009C3A9A /* header_logo.png in Resources */,
				003247AC1B9E3292009C3A9A /* servery_tile.jpg in Resources */,
			);
			runOnlyForDeploymentPostprocessing = 0;
		};
		00394A8E1B9E26B100ACD771 /* Resources */ = {
			isa = PBXResourcesBuildPhase;
			buildActionMask = 2147483647;
			files = (
			);
			runOnlyForDeploymentPostprocessing = 0;
		};
/* End PBXResourcesBuildPhase section */

/* Begin PBXSourcesBuildPhase section */
		00394A771B9E26B000ACD771 /* Sources */ = {
			isa = PBXSourcesBuildPhase;
			buildActionMask = 2147483647;
			files = (
				00204F291BA64C4500EDCF0C /* CalendarTableViewController.swift in Sources */,
				4FF563411BAA5CD4009E43DB /* DirectoryViewController.swift in Sources */,
				00394A831B9E26B000ACD771 /* MainViewController.swift in Sources */,
				4FFFA6871B9E293F0058FE9D /* FacilitiesTableViewController.swift in Sources */,
				00394A811B9E26B000ACD771 /* AppDelegate.swift in Sources */,
			);
			runOnlyForDeploymentPostprocessing = 0;
		};
		00394A8C1B9E26B100ACD771 /* Sources */ = {
			isa = PBXSourcesBuildPhase;
			buildActionMask = 2147483647;
			files = (
				00394A971B9E26B100ACD771 /* Rice_MobileTests.swift in Sources */,
			);
			runOnlyForDeploymentPostprocessing = 0;
		};
/* End PBXSourcesBuildPhase section */

/* Begin PBXTargetDependency section */
		00394A921B9E26B100ACD771 /* PBXTargetDependency */ = {
			isa = PBXTargetDependency;
			target = 00394A7A1B9E26B000ACD771 /* Rice Mobile */;
			targetProxy = 00394A911B9E26B100ACD771 /* PBXContainerItemProxy */;
		};
/* End PBXTargetDependency section */

/* Begin PBXVariantGroup section */
		00394A841B9E26B000ACD771 /* Main.storyboard */ = {
			isa = PBXVariantGroup;
			children = (
				00394A851B9E26B000ACD771 /* Base */,
			);
			name = Main.storyboard;
			sourceTree = "<group>";
		};
		00394A891B9E26B000ACD771 /* LaunchScreen.xib */ = {
			isa = PBXVariantGroup;
			children = (
				00394A8A1B9E26B000ACD771 /* Base */,
			);
			name = LaunchScreen.xib;
			sourceTree = "<group>";
		};
/* End PBXVariantGroup section */

/* Begin XCBuildConfiguration section */
		00394A981B9E26B100ACD771 /* Debug */ = {
			isa = XCBuildConfiguration;
			buildSettings = {
				ALWAYS_SEARCH_USER_PATHS = NO;
				CLANG_CXX_LANGUAGE_STANDARD = "gnu++0x";
				CLANG_CXX_LIBRARY = "libc++";
				CLANG_ENABLE_MODULES = YES;
				CLANG_ENABLE_OBJC_ARC = YES;
				CLANG_WARN_BOOL_CONVERSION = YES;
				CLANG_WARN_CONSTANT_CONVERSION = YES;
				CLANG_WARN_DIRECT_OBJC_ISA_USAGE = YES_ERROR;
				CLANG_WARN_EMPTY_BODY = YES;
				CLANG_WARN_ENUM_CONVERSION = YES;
				CLANG_WARN_INT_CONVERSION = YES;
				CLANG_WARN_OBJC_ROOT_CLASS = YES_ERROR;
				CLANG_WARN_UNREACHABLE_CODE = YES;
				CLANG_WARN__DUPLICATE_METHOD_MATCH = YES;
				"CODE_SIGN_IDENTITY[sdk=iphoneos*]" = "iPhone Developer";
				COPY_PHASE_STRIP = NO;
				DEBUG_INFORMATION_FORMAT = "dwarf-with-dsym";
				ENABLE_STRICT_OBJC_MSGSEND = YES;
				GCC_C_LANGUAGE_STANDARD = gnu99;
				GCC_DYNAMIC_NO_PIC = NO;
				GCC_NO_COMMON_BLOCKS = YES;
				GCC_OPTIMIZATION_LEVEL = 0;
				GCC_PREPROCESSOR_DEFINITIONS = (
					"DEBUG=1",
					"$(inherited)",
				);
				GCC_SYMBOLS_PRIVATE_EXTERN = NO;
				GCC_WARN_64_TO_32_BIT_CONVERSION = YES;
				GCC_WARN_ABOUT_RETURN_TYPE = YES_ERROR;
				GCC_WARN_UNDECLARED_SELECTOR = YES;
				GCC_WARN_UNINITIALIZED_AUTOS = YES_AGGRESSIVE;
				GCC_WARN_UNUSED_FUNCTION = YES;
				GCC_WARN_UNUSED_VARIABLE = YES;
				IPHONEOS_DEPLOYMENT_TARGET = 8.4;
				MTL_ENABLE_DEBUG_INFO = YES;
				ONLY_ACTIVE_ARCH = YES;
				SDKROOT = iphoneos;
				SWIFT_OPTIMIZATION_LEVEL = "-Onone";
			};
			name = Debug;
		};
		00394A991B9E26B100ACD771 /* Release */ = {
			isa = XCBuildConfiguration;
			buildSettings = {
				ALWAYS_SEARCH_USER_PATHS = NO;
				CLANG_CXX_LANGUAGE_STANDARD = "gnu++0x";
				CLANG_CXX_LIBRARY = "libc++";
				CLANG_ENABLE_MODULES = YES;
				CLANG_ENABLE_OBJC_ARC = YES;
				CLANG_WARN_BOOL_CONVERSION = YES;
				CLANG_WARN_CONSTANT_CONVERSION = YES;
				CLANG_WARN_DIRECT_OBJC_ISA_USAGE = YES_ERROR;
				CLANG_WARN_EMPTY_BODY = YES;
				CLANG_WARN_ENUM_CONVERSION = YES;
				CLANG_WARN_INT_CONVERSION = YES;
				CLANG_WARN_OBJC_ROOT_CLASS = YES_ERROR;
				CLANG_WARN_UNREACHABLE_CODE = YES;
				CLANG_WARN__DUPLICATE_METHOD_MATCH = YES;
				"CODE_SIGN_IDENTITY[sdk=iphoneos*]" = "iPhone Developer";
				COPY_PHASE_STRIP = NO;
				DEBUG_INFORMATION_FORMAT = "dwarf-with-dsym";
				ENABLE_NS_ASSERTIONS = NO;
				ENABLE_STRICT_OBJC_MSGSEND = YES;
				GCC_C_LANGUAGE_STANDARD = gnu99;
				GCC_NO_COMMON_BLOCKS = YES;
				GCC_WARN_64_TO_32_BIT_CONVERSION = YES;
				GCC_WARN_ABOUT_RETURN_TYPE = YES_ERROR;
				GCC_WARN_UNDECLARED_SELECTOR = YES;
				GCC_WARN_UNINITIALIZED_AUTOS = YES_AGGRESSIVE;
				GCC_WARN_UNUSED_FUNCTION = YES;
				GCC_WARN_UNUSED_VARIABLE = YES;
				IPHONEOS_DEPLOYMENT_TARGET = 8.4;
				MTL_ENABLE_DEBUG_INFO = NO;
				SDKROOT = iphoneos;
				VALIDATE_PRODUCT = YES;
			};
			name = Release;
		};
		00394A9B1B9E26B100ACD771 /* Debug */ = {
			isa = XCBuildConfiguration;
			buildSettings = {
				ASSETCATALOG_COMPILER_APPICON_NAME = AppIcon;
				INFOPLIST_FILE = "Rice Mobile/Info.plist";
				IPHONEOS_DEPLOYMENT_TARGET = 8.3;
				LD_RUNPATH_SEARCH_PATHS = "$(inherited) @executable_path/Frameworks";
				PRODUCT_NAME = "$(TARGET_NAME)";
				TARGETED_DEVICE_FAMILY = "1,2";
			};
			name = Debug;
		};
		00394A9C1B9E26B100ACD771 /* Release */ = {
			isa = XCBuildConfiguration;
			buildSettings = {
				ASSETCATALOG_COMPILER_APPICON_NAME = AppIcon;
				INFOPLIST_FILE = "Rice Mobile/Info.plist";
				IPHONEOS_DEPLOYMENT_TARGET = 8.3;
				LD_RUNPATH_SEARCH_PATHS = "$(inherited) @executable_path/Frameworks";
				PRODUCT_NAME = "$(TARGET_NAME)";
				TARGETED_DEVICE_FAMILY = "1,2";
			};
			name = Release;
		};
		00394A9E1B9E26B100ACD771 /* Debug */ = {
			isa = XCBuildConfiguration;
			buildSettings = {
				BUNDLE_LOADER = "$(TEST_HOST)";
				FRAMEWORK_SEARCH_PATHS = (
					"$(SDKROOT)/Developer/Library/Frameworks",
					"$(inherited)",
				);
				GCC_PREPROCESSOR_DEFINITIONS = (
					"DEBUG=1",
					"$(inherited)",
				);
				INFOPLIST_FILE = "Rice MobileTests/Info.plist";
				IPHONEOS_DEPLOYMENT_TARGET = 8.3;
				LD_RUNPATH_SEARCH_PATHS = "$(inherited) @executable_path/Frameworks @loader_path/Frameworks";
				PRODUCT_NAME = "$(TARGET_NAME)";
				TEST_HOST = "$(BUILT_PRODUCTS_DIR)/Rice Mobile.app/Rice Mobile";
			};
			name = Debug;
		};
		00394A9F1B9E26B100ACD771 /* Release */ = {
			isa = XCBuildConfiguration;
			buildSettings = {
				BUNDLE_LOADER = "$(TEST_HOST)";
				FRAMEWORK_SEARCH_PATHS = (
					"$(SDKROOT)/Developer/Library/Frameworks",
					"$(inherited)",
				);
				INFOPLIST_FILE = "Rice MobileTests/Info.plist";
				IPHONEOS_DEPLOYMENT_TARGET = 8.3;
				LD_RUNPATH_SEARCH_PATHS = "$(inherited) @executable_path/Frameworks @loader_path/Frameworks";
				PRODUCT_NAME = "$(TARGET_NAME)";
				TEST_HOST = "$(BUILT_PRODUCTS_DIR)/Rice Mobile.app/Rice Mobile";
			};
			name = Release;
		};
/* End XCBuildConfiguration section */

/* Begin XCConfigurationList section */
		00394A761B9E26B000ACD771 /* Build configuration list for PBXProject "Rice Mobile" */ = {
			isa = XCConfigurationList;
			buildConfigurations = (
				00394A981B9E26B100ACD771 /* Debug */,
				00394A991B9E26B100ACD771 /* Release */,
			);
			defaultConfigurationIsVisible = 0;
			defaultConfigurationName = Release;
		};
		00394A9A1B9E26B100ACD771 /* Build configuration list for PBXNativeTarget "Rice Mobile" */ = {
			isa = XCConfigurationList;
			buildConfigurations = (
				00394A9B1B9E26B100ACD771 /* Debug */,
				00394A9C1B9E26B100ACD771 /* Release */,
			);
			defaultConfigurationIsVisible = 0;
			defaultConfigurationName = Release;
		};
		00394A9D1B9E26B100ACD771 /* Build configuration list for PBXNativeTarget "Rice MobileTests" */ = {
			isa = XCConfigurationList;
			buildConfigurations = (
				00394A9E1B9E26B100ACD771 /* Debug */,
				00394A9F1B9E26B100ACD771 /* Release */,
			);
			defaultConfigurationIsVisible = 0;
			defaultConfigurationName = Release;
		};
/* End XCConfigurationList section */
	};
	rootObject = 00394A731B9E26B000ACD771 /* Project object */;
}
